// !$*UTF8*$!
{
	archiveVersion = 1;
	classes = {
	};
	objectVersion = 56;
	objects = {

/* Begin PBXBuildFile section */
		0D0595F22E7F669200318392 /* FirebaseAI in Frameworks */ = {isa = PBXBuildFile; productRef = 0D0595F12E7F669200318392 /* FirebaseAI */; };
		0D0595F42E7F669200318392 /* FirebaseAnalytics in Frameworks */ = {isa = PBXBuildFile; productRef = 0D0595F32E7F669200318392 /* FirebaseAnalytics */; };
		0D0595F62E7F669200318392 /* FirebaseAnalyticsCore in Frameworks */ = {isa = PBXBuildFile; productRef = 0D0595F52E7F669200318392 /* FirebaseAnalyticsCore */; };
		0D0595F82E7F669200318392 /* FirebaseAnalyticsIdentitySupport in Frameworks */ = {isa = PBXBuildFile; productRef = 0D0595F72E7F669200318392 /* FirebaseAnalyticsIdentitySupport */; };
		0D0595FA2E7F669200318392 /* FirebaseAnalyticsOnDeviceConversion in Frameworks */ = {isa = PBXBuildFile; productRef = 0D0595F92E7F669200318392 /* FirebaseAnalyticsOnDeviceConversion */; };
		0D0595FC2E7F669200318392 /* FirebaseAnalyticsWithoutAdIdSupport in Frameworks */ = {isa = PBXBuildFile; productRef = 0D0595FB2E7F669200318392 /* FirebaseAnalyticsWithoutAdIdSupport */; };
		0D0595FE2E7F669200318392 /* FirebaseAppCheck in Frameworks */ = {isa = PBXBuildFile; productRef = 0D0595FD2E7F669200318392 /* FirebaseAppCheck */; };
		0D0596002E7F669200318392 /* FirebaseAppDistribution-Beta in Frameworks */ = {isa = PBXBuildFile; productRef = 0D0595FF2E7F669200318392 /* FirebaseAppDistribution-Beta */; };
		0D0596022E7F669200318392 /* FirebaseAuth in Frameworks */ = {isa = PBXBuildFile; productRef = 0D0596012E7F669200318392 /* FirebaseAuth */; };
		0D0596042E7F669200318392 /* FirebaseAuthCombine-Community in Frameworks */ = {isa = PBXBuildFile; productRef = 0D0596032E7F669200318392 /* FirebaseAuthCombine-Community */; };
		0D0596062E7F669200318392 /* FirebaseCore in Frameworks */ = {isa = PBXBuildFile; productRef = 0D0596052E7F669200318392 /* FirebaseCore */; };
		0D0596082E7F669200318392 /* FirebaseCrashlytics in Frameworks */ = {isa = PBXBuildFile; productRef = 0D0596072E7F669200318392 /* FirebaseCrashlytics */; };
		0D05960A2E7F669200318392 /* FirebaseDatabase in Frameworks */ = {isa = PBXBuildFile; productRef = 0D0596092E7F669200318392 /* FirebaseDatabase */; };
		0D05960C2E7F669200318392 /* FirebaseDynamicLinks in Frameworks */ = {isa = PBXBuildFile; productRef = 0D05960B2E7F669200318392 /* FirebaseDynamicLinks */; };
		0D05960E2E7F669200318392 /* FirebaseFirestore in Frameworks */ = {isa = PBXBuildFile; productRef = 0D05960D2E7F669200318392 /* FirebaseFirestore */; };
		0D0596102E7F669200318392 /* FirebaseFirestoreCombine-Community in Frameworks */ = {isa = PBXBuildFile; productRef = 0D05960F2E7F669200318392 /* FirebaseFirestoreCombine-Community */; };
		0D0596122E7F669200318392 /* FirebaseFunctions in Frameworks */ = {isa = PBXBuildFile; productRef = 0D0596112E7F669200318392 /* FirebaseFunctions */; };
		0D0596142E7F669200318392 /* FirebaseFunctionsCombine-Community in Frameworks */ = {isa = PBXBuildFile; productRef = 0D0596132E7F669200318392 /* FirebaseFunctionsCombine-Community */; };
		0D0596162E7F669200318392 /* FirebaseInAppMessaging-Beta in Frameworks */ = {isa = PBXBuildFile; productRef = 0D0596152E7F669200318392 /* FirebaseInAppMessaging-Beta */; };
		0D0596182E7F669200318392 /* FirebaseInstallations in Frameworks */ = {isa = PBXBuildFile; productRef = 0D0596172E7F669200318392 /* FirebaseInstallations */; };
		0D05961A2E7F669200318392 /* FirebaseMLModelDownloader in Frameworks */ = {isa = PBXBuildFile; productRef = 0D0596192E7F669200318392 /* FirebaseMLModelDownloader */; };
		0D05961C2E7F669200318392 /* FirebaseMessaging in Frameworks */ = {isa = PBXBuildFile; productRef = 0D05961B2E7F669200318392 /* FirebaseMessaging */; };
		0D05961E2E7F669200318392 /* FirebasePerformance in Frameworks */ = {isa = PBXBuildFile; productRef = 0D05961D2E7F669200318392 /* FirebasePerformance */; };
		0D0596202E7F669200318392 /* FirebaseRemoteConfig in Frameworks */ = {isa = PBXBuildFile; productRef = 0D05961F2E7F669200318392 /* FirebaseRemoteConfig */; };
		0D0596222E7F669200318392 /* FirebaseStorage in Frameworks */ = {isa = PBXBuildFile; productRef = 0D0596212E7F669200318392 /* FirebaseStorage */; };
		0D0596242E7F669300318392 /* FirebaseStorageCombine-Community in Frameworks */ = {isa = PBXBuildFile; productRef = 0D0596232E7F669300318392 /* FirebaseStorageCombine-Community */; };
		0D0596262E7F669300318392 /* FirebaseVertexAI in Frameworks */ = {isa = PBXBuildFile; productRef = 0D0596252E7F669300318392 /* FirebaseVertexAI */; };
		0D58F25D2E7F56930093A633 /* GoogleService-Info.plist in Resources */ = {isa = PBXBuildFile; fileRef = 0D58F25C2E7F56930093A633 /* GoogleService-Info.plist */; };
		0DA944842E7EFFE500D06A03 /* HelloWorld_TodoListApp.swift in Sources */ = {isa = PBXBuildFile; fileRef = 0DA944832E7EFFE500D06A03 /* HelloWorld_TodoListApp.swift */; };
		0DA944862E7EFFE500D06A03 /* ContentView.swift in Sources */ = {isa = PBXBuildFile; fileRef = 0DA944852E7EFFE500D06A03 /* ContentView.swift */; };
		0DA944882E7EFFE700D06A03 /* Assets.xcassets in Resources */ = {isa = PBXBuildFile; fileRef = 0DA944872E7EFFE700D06A03 /* Assets.xcassets */; };
		0DA9448C2E7EFFE700D06A03 /* Preview Assets.xcassets in Resources */ = {isa = PBXBuildFile; fileRef = 0DA9448B2E7EFFE700D06A03 /* Preview Assets.xcassets */; };
		0DA944962E7EFFE700D06A03 /* HelloWorld_TodoListTests.swift in Sources */ = {isa = PBXBuildFile; fileRef = 0DA944952E7EFFE700D06A03 /* HelloWorld_TodoListTests.swift */; };
		0DA944A02E7EFFE700D06A03 /* HelloWorld_TodoListUITests.swift in Sources */ = {isa = PBXBuildFile; fileRef = 0DA9449F2E7EFFE700D06A03 /* HelloWorld_TodoListUITests.swift */; };
		0DA944A22E7EFFE700D06A03 /* HelloWorld_TodoListUITestsLaunchTests.swift in Sources */ = {isa = PBXBuildFile; fileRef = 0DA944A12E7EFFE700D06A03 /* HelloWorld_TodoListUITestsLaunchTests.swift */; };
		0DA944BC2E7F221E00D06A03 /* SwiftUIView.swift in Sources */ = {isa = PBXBuildFile; fileRef = 0DA944BB2E7F221E00D06A03 /* SwiftUIView.swift */; };
		0DA944BD2E7F221E00D06A03 /* SwiftUIView.swift in Sources */ = {isa = PBXBuildFile; fileRef = 0DA944BB2E7F221E00D06A03 /* SwiftUIView.swift */; };
		0DA944BE2E7F221E00D06A03 /* SwiftUIView.swift in Sources */ = {isa = PBXBuildFile; fileRef = 0DA944BB2E7F221E00D06A03 /* SwiftUIView.swift */; };
		0DA944C12E7F547700D06A03 /* Login.txt in Resources */ = {isa = PBXBuildFile; fileRef = 0DA944BF2E7F547700D06A03 /* Login.txt */; };
		0DA944C22E7F547700D06A03 /* Login.txt in Resources */ = {isa = PBXBuildFile; fileRef = 0DA944BF2E7F547700D06A03 /* Login.txt */; };
		0DA944C32E7F547700D06A03 /* Login.txt in Resources */ = {isa = PBXBuildFile; fileRef = 0DA944BF2E7F547700D06A03 /* Login.txt */; };
		0DA944C42E7F547700D06A03 /* Register.txt in Resources */ = {isa = PBXBuildFile; fileRef = 0DA944C02E7F547700D06A03 /* Register.txt */; };
		0DA944C52E7F547700D06A03 /* Register.txt in Resources */ = {isa = PBXBuildFile; fileRef = 0DA944C02E7F547700D06A03 /* Register.txt */; };
		0DA944C62E7F547700D06A03 /* Register.txt in Resources */ = {isa = PBXBuildFile; fileRef = 0DA944C02E7F547700D06A03 /* Register.txt */; };
		0DA944C82E7F54A200D06A03 /* Login.swift in Sources */ = {isa = PBXBuildFile; fileRef = 0DA944C72E7F54A200D06A03 /* Login.swift */; };
		0DA944C92E7F54A200D06A03 /* Login.swift in Sources */ = {isa = PBXBuildFile; fileRef = 0DA944C72E7F54A200D06A03 /* Login.swift */; };
		0DA944CA2E7F54A200D06A03 /* Login.swift in Sources */ = {isa = PBXBuildFile; fileRef = 0DA944C72E7F54A200D06A03 /* Login.swift */; };
		0DBA68E12E7F6057002C1826 /* Register.swift in Sources */ = {isa = PBXBuildFile; fileRef = 0DBA68E02E7F6057002C1826 /* Register.swift */; };
/* End PBXBuildFile section */

/* Begin PBXContainerItemProxy section */
		0DA944922E7EFFE700D06A03 /* PBXContainerItemProxy */ = {
			isa = PBXContainerItemProxy;
			containerPortal = 0DA944782E7EFFE500D06A03 /* Project object */;
			proxyType = 1;
			remoteGlobalIDString = 0DA9447F2E7EFFE500D06A03;
			remoteInfo = HelloWorld_TodoList;
		};
		0DA9449C2E7EFFE700D06A03 /* PBXContainerItemProxy */ = {
			isa = PBXContainerItemProxy;
			containerPortal = 0DA944782E7EFFE500D06A03 /* Project object */;
			proxyType = 1;
			remoteGlobalIDString = 0DA9447F2E7EFFE500D06A03;
			remoteInfo = HelloWorld_TodoList;
		};
/* End PBXContainerItemProxy section */

/* Begin PBXFileReference section */
		0D58F25C2E7F56930093A633 /* GoogleService-Info.plist */ = {isa = PBXFileReference; fileEncoding = 4; lastKnownFileType = text.plist.xml; name = "GoogleService-Info.plist"; path = "../../GoogleService-Info.plist"; sourceTree = "<group>"; };
		0DA944802E7EFFE500D06A03 /* HelloWorld_TodoList.app */ = {isa = PBXFileReference; explicitFileType = wrapper.application; includeInIndex = 0; path = HelloWorld_TodoList.app; sourceTree = BUILT_PRODUCTS_DIR; };
		0DA944832E7EFFE500D06A03 /* HelloWorld_TodoListApp.swift */ = {isa = PBXFileReference; lastKnownFileType = sourcecode.swift; path = HelloWorld_TodoListApp.swift; sourceTree = "<group>"; };
		0DA944852E7EFFE500D06A03 /* ContentView.swift */ = {isa = PBXFileReference; lastKnownFileType = sourcecode.swift; path = ContentView.swift; sourceTree = "<group>"; };
		0DA944872E7EFFE700D06A03 /* Assets.xcassets */ = {isa = PBXFileReference; lastKnownFileType = folder.assetcatalog; path = Assets.xcassets; sourceTree = "<group>"; };
		0DA944892E7EFFE700D06A03 /* HelloWorld_TodoList.entitlements */ = {isa = PBXFileReference; lastKnownFileType = text.plist.entitlements; path = HelloWorld_TodoList.entitlements; sourceTree = "<group>"; };
		0DA9448B2E7EFFE700D06A03 /* Preview Assets.xcassets */ = {isa = PBXFileReference; lastKnownFileType = folder.assetcatalog; path = "Preview Assets.xcassets"; sourceTree = "<group>"; };
		0DA944912E7EFFE700D06A03 /* HelloWorld_TodoListTests.xctest */ = {isa = PBXFileReference; explicitFileType = wrapper.cfbundle; includeInIndex = 0; path = HelloWorld_TodoListTests.xctest; sourceTree = BUILT_PRODUCTS_DIR; };
		0DA944952E7EFFE700D06A03 /* HelloWorld_TodoListTests.swift */ = {isa = PBXFileReference; lastKnownFileType = sourcecode.swift; path = HelloWorld_TodoListTests.swift; sourceTree = "<group>"; };
		0DA9449B2E7EFFE700D06A03 /* HelloWorld_TodoListUITests.xctest */ = {isa = PBXFileReference; explicitFileType = wrapper.cfbundle; includeInIndex = 0; path = HelloWorld_TodoListUITests.xctest; sourceTree = BUILT_PRODUCTS_DIR; };
		0DA9449F2E7EFFE700D06A03 /* HelloWorld_TodoListUITests.swift */ = {isa = PBXFileReference; lastKnownFileType = sourcecode.swift; path = HelloWorld_TodoListUITests.swift; sourceTree = "<group>"; };
		0DA944A12E7EFFE700D06A03 /* HelloWorld_TodoListUITestsLaunchTests.swift */ = {isa = PBXFileReference; lastKnownFileType = sourcecode.swift; path = HelloWorld_TodoListUITestsLaunchTests.swift; sourceTree = "<group>"; };
		0DA944BB2E7F221E00D06A03 /* SwiftUIView.swift */ = {isa = PBXFileReference; lastKnownFileType = sourcecode.swift; path = SwiftUIView.swift; sourceTree = "<group>"; };
		0DA944BF2E7F547700D06A03 /* Login.txt */ = {isa = PBXFileReference; fileEncoding = 4; lastKnownFileType = text; name = Login.txt; path = ../../../Login.txt; sourceTree = "<group>"; };
		0DA944C02E7F547700D06A03 /* Register.txt */ = {isa = PBXFileReference; fileEncoding = 4; lastKnownFileType = text; name = Register.txt; path = ../../../Register.txt; sourceTree = "<group>"; };
		0DA944C72E7F54A200D06A03 /* Login.swift */ = {isa = PBXFileReference; lastKnownFileType = sourcecode.swift; path = Login.swift; sourceTree = "<group>"; };
		0DBA68E02E7F6057002C1826 /* Register.swift */ = {isa = PBXFileReference; lastKnownFileType = sourcecode.swift; path = Register.swift; sourceTree = "<group>"; };
/* End PBXFileReference section */

/* Begin PBXFrameworksBuildPhase section */
		0DA9447D2E7EFFE500D06A03 /* Frameworks */ = {
			isa = PBXFrameworksBuildPhase;
			buildActionMask = 2147483647;
			files = (
				0D0596122E7F669200318392 /* FirebaseFunctions in Frameworks */,
				0D05960A2E7F669200318392 /* FirebaseDatabase in Frameworks */,
				0D0595F82E7F669200318392 /* FirebaseAnalyticsIdentitySupport in Frameworks */,
				0D0596222E7F669200318392 /* FirebaseStorage in Frameworks */,
				0D0595FC2E7F669200318392 /* FirebaseAnalyticsWithoutAdIdSupport in Frameworks */,
				0D0596062E7F669200318392 /* FirebaseCore in Frameworks */,
				0D0595F42E7F669200318392 /* FirebaseAnalytics in Frameworks */,
				0D05961A2E7F669200318392 /* FirebaseMLModelDownloader in Frameworks */,
				0D05960C2E7F669200318392 /* FirebaseDynamicLinks in Frameworks */,
				0D0595FA2E7F669200318392 /* FirebaseAnalyticsOnDeviceConversion in Frameworks */,
				0D0596022E7F669200318392 /* FirebaseAuth in Frameworks */,
				0D05960E2E7F669200318392 /* FirebaseFirestore in Frameworks */,
				0D0596102E7F669200318392 /* FirebaseFirestoreCombine-Community in Frameworks */,
				0D0596262E7F669300318392 /* FirebaseVertexAI in Frameworks */,
				0D0596162E7F669200318392 /* FirebaseInAppMessaging-Beta in Frameworks */,
				0D0596142E7F669200318392 /* FirebaseFunctionsCombine-Community in Frameworks */,
				0D0595FE2E7F669200318392 /* FirebaseAppCheck in Frameworks */,
				0D0596242E7F669300318392 /* FirebaseStorageCombine-Community in Frameworks */,
				0D0596202E7F669200318392 /* FirebaseRemoteConfig in Frameworks */,
				0D0595F62E7F669200318392 /* FirebaseAnalyticsCore in Frameworks */,
				0D0595F22E7F669200318392 /* FirebaseAI in Frameworks */,
				0D05961E2E7F669200318392 /* FirebasePerformance in Frameworks */,
				0D0596082E7F669200318392 /* FirebaseCrashlytics in Frameworks */,
				0D0596002E7F669200318392 /* FirebaseAppDistribution-Beta in Frameworks */,
				0D0596042E7F669200318392 /* FirebaseAuthCombine-Community in Frameworks */,
				0D05961C2E7F669200318392 /* FirebaseMessaging in Frameworks */,
				0D0596182E7F669200318392 /* FirebaseInstallations in Frameworks */,
			);
			runOnlyForDeploymentPostprocessing = 0;
		};
		0DA9448E2E7EFFE700D06A03 /* Frameworks */ = {
			isa = PBXFrameworksBuildPhase;
			buildActionMask = 2147483647;
			files = (
			);
			runOnlyForDeploymentPostprocessing = 0;
		};
		0DA944982E7EFFE700D06A03 /* Frameworks */ = {
			isa = PBXFrameworksBuildPhase;
			buildActionMask = 2147483647;
			files = (
			);
			runOnlyForDeploymentPostprocessing = 0;
		};
/* End PBXFrameworksBuildPhase section */

/* Begin PBXGroup section */
		0DA944772E7EFFE500D06A03 = {
			isa = PBXGroup;
			children = (
				0D58F25C2E7F56930093A633 /* GoogleService-Info.plist */,
				0DA944822E7EFFE500D06A03 /* HelloWorld_TodoList */,
				0DA944942E7EFFE700D06A03 /* HelloWorld_TodoListTests */,
				0DA9449E2E7EFFE700D06A03 /* HelloWorld_TodoListUITests */,
				0DA944812E7EFFE500D06A03 /* Products */,
				0DA944CB2E7F551200D06A03 /* Frameworks */,
			);
			sourceTree = "<group>";
		};
		0DA944812E7EFFE500D06A03 /* Products */ = {
			isa = PBXGroup;
			children = (
				0DA944802E7EFFE500D06A03 /* HelloWorld_TodoList.app */,
				0DA944912E7EFFE700D06A03 /* HelloWorld_TodoListTests.xctest */,
				0DA9449B2E7EFFE700D06A03 /* HelloWorld_TodoListUITests.xctest */,
			);
			name = Products;
			sourceTree = "<group>";
		};
		0DA944822E7EFFE500D06A03 /* HelloWorld_TodoList */ = {
			isa = PBXGroup;
			children = (
				0DA944832E7EFFE500D06A03 /* HelloWorld_TodoListApp.swift */,
				0DA944852E7EFFE500D06A03 /* ContentView.swift */,
				0DA944BF2E7F547700D06A03 /* Login.txt */,
				0DA944C72E7F54A200D06A03 /* Login.swift */,
				0DA944C02E7F547700D06A03 /* Register.txt */,
				0DBA68E02E7F6057002C1826 /* Register.swift */,
				0DA944872E7EFFE700D06A03 /* Assets.xcassets */,
				0DA944892E7EFFE700D06A03 /* HelloWorld_TodoList.entitlements */,
				0DA9448A2E7EFFE700D06A03 /* Preview Content */,
				0DA944BB2E7F221E00D06A03 /* SwiftUIView.swift */,
			);
			path = HelloWorld_TodoList;
			sourceTree = "<group>";
		};
		0DA9448A2E7EFFE700D06A03 /* Preview Content */ = {
			isa = PBXGroup;
			children = (
				0DA9448B2E7EFFE700D06A03 /* Preview Assets.xcassets */,
			);
			path = "Preview Content";
			sourceTree = "<group>";
		};
		0DA944942E7EFFE700D06A03 /* HelloWorld_TodoListTests */ = {
			isa = PBXGroup;
			children = (
				0DA944952E7EFFE700D06A03 /* HelloWorld_TodoListTests.swift */,
			);
			path = HelloWorld_TodoListTests;
			sourceTree = "<group>";
		};
		0DA9449E2E7EFFE700D06A03 /* HelloWorld_TodoListUITests */ = {
			isa = PBXGroup;
			children = (
				0DA9449F2E7EFFE700D06A03 /* HelloWorld_TodoListUITests.swift */,
				0DA944A12E7EFFE700D06A03 /* HelloWorld_TodoListUITestsLaunchTests.swift */,
			);
			path = HelloWorld_TodoListUITests;
			sourceTree = "<group>";
		};
		0DA944CB2E7F551200D06A03 /* Frameworks */ = {
			isa = PBXGroup;
			children = (
			);
			name = Frameworks;
			sourceTree = "<group>";
		};
/* End PBXGroup section */

/* Begin PBXNativeTarget section */
		0DA9447F2E7EFFE500D06A03 /* HelloWorld_TodoList */ = {
			isa = PBXNativeTarget;
			buildConfigurationList = 0DA944A52E7EFFE700D06A03 /* Build configuration list for PBXNativeTarget "HelloWorld_TodoList" */;
			buildPhases = (
				0DA9447C2E7EFFE500D06A03 /* Sources */,
				0DA9447D2E7EFFE500D06A03 /* Frameworks */,
				0DA9447E2E7EFFE500D06A03 /* Resources */,
			);
			buildRules = (
			);
			dependencies = (
			);
			name = HelloWorld_TodoList;
			packageProductDependencies = (
				0D0595F12E7F669200318392 /* FirebaseAI */,
				0D0595F32E7F669200318392 /* FirebaseAnalytics */,
				0D0595F52E7F669200318392 /* FirebaseAnalyticsCore */,
				0D0595F72E7F669200318392 /* FirebaseAnalyticsIdentitySupport */,
				0D0595F92E7F669200318392 /* FirebaseAnalyticsOnDeviceConversion */,
				0D0595FB2E7F669200318392 /* FirebaseAnalyticsWithoutAdIdSupport */,
				0D0595FD2E7F669200318392 /* FirebaseAppCheck */,
				0D0595FF2E7F669200318392 /* FirebaseAppDistribution-Beta */,
				0D0596012E7F669200318392 /* FirebaseAuth */,
				0D0596032E7F669200318392 /* FirebaseAuthCombine-Community */,
				0D0596052E7F669200318392 /* FirebaseCore */,
				0D0596072E7F669200318392 /* FirebaseCrashlytics */,
				0D0596092E7F669200318392 /* FirebaseDatabase */,
				0D05960B2E7F669200318392 /* FirebaseDynamicLinks */,
				0D05960D2E7F669200318392 /* FirebaseFirestore */,
				0D05960F2E7F669200318392 /* FirebaseFirestoreCombine-Community */,
				0D0596112E7F669200318392 /* FirebaseFunctions */,
				0D0596132E7F669200318392 /* FirebaseFunctionsCombine-Community */,
				0D0596152E7F669200318392 /* FirebaseInAppMessaging-Beta */,
				0D0596172E7F669200318392 /* FirebaseInstallations */,
				0D0596192E7F669200318392 /* FirebaseMLModelDownloader */,
				0D05961B2E7F669200318392 /* FirebaseMessaging */,
				0D05961D2E7F669200318392 /* FirebasePerformance */,
				0D05961F2E7F669200318392 /* FirebaseRemoteConfig */,
				0D0596212E7F669200318392 /* FirebaseStorage */,
				0D0596232E7F669300318392 /* FirebaseStorageCombine-Community */,
				0D0596252E7F669300318392 /* FirebaseVertexAI */,
			);
			productName = HelloWorld_TodoList;
			productReference = 0DA944802E7EFFE500D06A03 /* HelloWorld_TodoList.app */;
			productType = "com.apple.product-type.application";
		};
		0DA944902E7EFFE700D06A03 /* HelloWorld_TodoListTests */ = {
			isa = PBXNativeTarget;
			buildConfigurationList = 0DA944A82E7EFFE700D06A03 /* Build configuration list for PBXNativeTarget "HelloWorld_TodoListTests" */;
			buildPhases = (
				0DA9448D2E7EFFE700D06A03 /* Sources */,
				0DA9448E2E7EFFE700D06A03 /* Frameworks */,
				0DA9448F2E7EFFE700D06A03 /* Resources */,
			);
			buildRules = (
			);
			dependencies = (
				0DA944932E7EFFE700D06A03 /* PBXTargetDependency */,
			);
			name = HelloWorld_TodoListTests;
			packageProductDependencies = (
			);
			productName = HelloWorld_TodoListTests;
			productReference = 0DA944912E7EFFE700D06A03 /* HelloWorld_TodoListTests.xctest */;
			productType = "com.apple.product-type.bundle.unit-test";
		};
		0DA9449A2E7EFFE700D06A03 /* HelloWorld_TodoListUITests */ = {
			isa = PBXNativeTarget;
			buildConfigurationList = 0DA944AB2E7EFFE700D06A03 /* Build configuration list for PBXNativeTarget "HelloWorld_TodoListUITests" */;
			buildPhases = (
				0DA944972E7EFFE700D06A03 /* Sources */,
				0DA944982E7EFFE700D06A03 /* Frameworks */,
				0DA944992E7EFFE700D06A03 /* Resources */,
			);
			buildRules = (
			);
			dependencies = (
				0DA9449D2E7EFFE700D06A03 /* PBXTargetDependency */,
			);
			name = HelloWorld_TodoListUITests;
			packageProductDependencies = (
			);
			productName = HelloWorld_TodoListUITests;
			productReference = 0DA9449B2E7EFFE700D06A03 /* HelloWorld_TodoListUITests.xctest */;
			productType = "com.apple.product-type.bundle.ui-testing";
		};
/* End PBXNativeTarget section */

/* Begin PBXProject section */
		0DA944782E7EFFE500D06A03 /* Project object */ = {
			isa = PBXProject;
			attributes = {
				BuildIndependentTargetsInParallel = 1;
				LastSwiftUpdateCheck = 1530;
				LastUpgradeCheck = 1530;
				TargetAttributes = {
					0DA9447F2E7EFFE500D06A03 = {
						CreatedOnToolsVersion = 15.3;
					};
					0DA944902E7EFFE700D06A03 = {
						CreatedOnToolsVersion = 15.3;
						TestTargetID = 0DA9447F2E7EFFE500D06A03;
					};
					0DA9449A2E7EFFE700D06A03 = {
						CreatedOnToolsVersion = 15.3;
						TestTargetID = 0DA9447F2E7EFFE500D06A03;
					};
				};
			};
			buildConfigurationList = 0DA9447B2E7EFFE500D06A03 /* Build configuration list for PBXProject "HelloWorld_TodoList" */;
			compatibilityVersion = "Xcode 14.0";
			developmentRegion = en;
			hasScannedForEncodings = 0;
			knownRegions = (
				en,
				Base,
			);
			mainGroup = 0DA944772E7EFFE500D06A03;
			packageReferences = (
				0D0595F02E7F669200318392 /* XCRemoteSwiftPackageReference "firebase-ios-sdk" */,
			);
			productRefGroup = 0DA944812E7EFFE500D06A03 /* Products */;
			projectDirPath = "";
			projectRoot = "";
			targets = (
				0DA9447F2E7EFFE500D06A03 /* HelloWorld_TodoList */,
				0DA944902E7EFFE700D06A03 /* HelloWorld_TodoListTests */,
				0DA9449A2E7EFFE700D06A03 /* HelloWorld_TodoListUITests */,
			);
		};
/* End PBXProject section */

/* Begin PBXResourcesBuildPhase section */
		0DA9447E2E7EFFE500D06A03 /* Resources */ = {
			isa = PBXResourcesBuildPhase;
			buildActionMask = 2147483647;
			files = (
				0DA944C12E7F547700D06A03 /* Login.txt in Resources */,
				0DA9448C2E7EFFE700D06A03 /* Preview Assets.xcassets in Resources */,
				0D58F25D2E7F56930093A633 /* GoogleService-Info.plist in Resources */,
				0DA944882E7EFFE700D06A03 /* Assets.xcassets in Resources */,
				0DA944C42E7F547700D06A03 /* Register.txt in Resources */,
			);
			runOnlyForDeploymentPostprocessing = 0;
		};
		0DA9448F2E7EFFE700D06A03 /* Resources */ = {
			isa = PBXResourcesBuildPhase;
			buildActionMask = 2147483647;
			files = (
				0DA944C22E7F547700D06A03 /* Login.txt in Resources */,
				0DA944C52E7F547700D06A03 /* Register.txt in Resources */,
			);
			runOnlyForDeploymentPostprocessing = 0;
		};
		0DA944992E7EFFE700D06A03 /* Resources */ = {
			isa = PBXResourcesBuildPhase;
			buildActionMask = 2147483647;
			files = (
				0DA944C32E7F547700D06A03 /* Login.txt in Resources */,
				0DA944C62E7F547700D06A03 /* Register.txt in Resources */,
			);
			runOnlyForDeploymentPostprocessing = 0;
		};
/* End PBXResourcesBuildPhase section */

/* Begin PBXSourcesBuildPhase section */
		0DA9447C2E7EFFE500D06A03 /* Sources */ = {
			isa = PBXSourcesBuildPhase;
			buildActionMask = 2147483647;
			files = (
				0DA944862E7EFFE500D06A03 /* ContentView.swift in Sources */,
				0DA944842E7EFFE500D06A03 /* HelloWorld_TodoListApp.swift in Sources */,
				0DA944BC2E7F221E00D06A03 /* SwiftUIView.swift in Sources */,
				0DA944C82E7F54A200D06A03 /* Login.swift in Sources */,
				0DBA68E12E7F6057002C1826 /* Register.swift in Sources */,
			);
			runOnlyForDeploymentPostprocessing = 0;
		};
		0DA9448D2E7EFFE700D06A03 /* Sources */ = {
			isa = PBXSourcesBuildPhase;
			buildActionMask = 2147483647;
			files = (
				0DA944C92E7F54A200D06A03 /* Login.swift in Sources */,
				0DA944BD2E7F221E00D06A03 /* SwiftUIView.swift in Sources */,
				0DA944962E7EFFE700D06A03 /* HelloWorld_TodoListTests.swift in Sources */,
			);
			runOnlyForDeploymentPostprocessing = 0;
		};
		0DA944972E7EFFE700D06A03 /* Sources */ = {
			isa = PBXSourcesBuildPhase;
			buildActionMask = 2147483647;
			files = (
				0DA944A22E7EFFE700D06A03 /* HelloWorld_TodoListUITestsLaunchTests.swift in Sources */,
				0DA944A02E7EFFE700D06A03 /* HelloWorld_TodoListUITests.swift in Sources */,
				0DA944BE2E7F221E00D06A03 /* SwiftUIView.swift in Sources */,
				0DA944CA2E7F54A200D06A03 /* Login.swift in Sources */,
			);
			runOnlyForDeploymentPostprocessing = 0;
		};
/* End PBXSourcesBuildPhase section */

/* Begin PBXTargetDependency section */
		0DA944932E7EFFE700D06A03 /* PBXTargetDependency */ = {
			isa = PBXTargetDependency;
			target = 0DA9447F2E7EFFE500D06A03 /* HelloWorld_TodoList */;
			targetProxy = 0DA944922E7EFFE700D06A03 /* PBXContainerItemProxy */;
		};
		0DA9449D2E7EFFE700D06A03 /* PBXTargetDependency */ = {
			isa = PBXTargetDependency;
			target = 0DA9447F2E7EFFE500D06A03 /* HelloWorld_TodoList */;
			targetProxy = 0DA9449C2E7EFFE700D06A03 /* PBXContainerItemProxy */;
		};
/* End PBXTargetDependency section */

/* Begin XCBuildConfiguration section */
		0DA944A32E7EFFE700D06A03 /* Debug */ = {
			isa = XCBuildConfiguration;
			buildSettings = {
				ALWAYS_SEARCH_USER_PATHS = NO;
				ASSETCATALOG_COMPILER_GENERATE_SWIFT_ASSET_SYMBOL_EXTENSIONS = YES;
				CLANG_ANALYZER_NONNULL = YES;
				CLANG_ANALYZER_NUMBER_OBJECT_CONVERSION = YES_AGGRESSIVE;
				CLANG_CXX_LANGUAGE_STANDARD = "gnu++20";
				CLANG_ENABLE_MODULES = YES;
				CLANG_ENABLE_OBJC_ARC = YES;
				CLANG_ENABLE_OBJC_WEAK = YES;
				CLANG_WARN_BLOCK_CAPTURE_AUTORELEASING = YES;
				CLANG_WARN_BOOL_CONVERSION = YES;
				CLANG_WARN_COMMA = YES;
				CLANG_WARN_CONSTANT_CONVERSION = YES;
				CLANG_WARN_DEPRECATED_OBJC_IMPLEMENTATIONS = YES;
				CLANG_WARN_DIRECT_OBJC_ISA_USAGE = YES_ERROR;
				CLANG_WARN_DOCUMENTATION_COMMENTS = YES;
				CLANG_WARN_EMPTY_BODY = YES;
				CLANG_WARN_ENUM_CONVERSION = YES;
				CLANG_WARN_INFINITE_RECURSION = YES;
				CLANG_WARN_INT_CONVERSION = YES;
				CLANG_WARN_NON_LITERAL_NULL_CONVERSION = YES;
				CLANG_WARN_OBJC_IMPLICIT_RETAIN_SELF = YES;
				CLANG_WARN_OBJC_LITERAL_CONVERSION = YES;
				CLANG_WARN_OBJC_ROOT_CLASS = YES_ERROR;
				CLANG_WARN_QUOTED_INCLUDE_IN_FRAMEWORK_HEADER = YES;
				CLANG_WARN_RANGE_LOOP_ANALYSIS = YES;
				CLANG_WARN_STRICT_PROTOTYPES = YES;
				CLANG_WARN_SUSPICIOUS_MOVE = YES;
				CLANG_WARN_UNGUARDED_AVAILABILITY = YES_AGGRESSIVE;
				CLANG_WARN_UNREACHABLE_CODE = YES;
				CLANG_WARN__DUPLICATE_METHOD_MATCH = YES;
				COPY_PHASE_STRIP = NO;
				DEBUG_INFORMATION_FORMAT = dwarf;
				ENABLE_STRICT_OBJC_MSGSEND = YES;
				ENABLE_TESTABILITY = YES;
				ENABLE_USER_SCRIPT_SANDBOXING = YES;
				GCC_C_LANGUAGE_STANDARD = gnu17;
				GCC_DYNAMIC_NO_PIC = NO;
				GCC_NO_COMMON_BLOCKS = YES;
				GCC_OPTIMIZATION_LEVEL = 0;
				GCC_PREPROCESSOR_DEFINITIONS = (
					"DEBUG=1",
					"$(inherited)",
				);
				GCC_WARN_64_TO_32_BIT_CONVERSION = YES;
				GCC_WARN_ABOUT_RETURN_TYPE = YES_ERROR;
				GCC_WARN_UNDECLARED_SELECTOR = YES;
				GCC_WARN_UNINITIALIZED_AUTOS = YES_AGGRESSIVE;
				GCC_WARN_UNUSED_FUNCTION = YES;
				GCC_WARN_UNUSED_VARIABLE = YES;
				LOCALIZATION_PREFERS_STRING_CATALOGS = YES;
				MTL_ENABLE_DEBUG_INFO = INCLUDE_SOURCE;
				MTL_FAST_MATH = YES;
				ONLY_ACTIVE_ARCH = YES;
				SWIFT_ACTIVE_COMPILATION_CONDITIONS = "DEBUG $(inherited)";
				SWIFT_OPTIMIZATION_LEVEL = "-Onone";
			};
			name = Debug;
		};
		0DA944A42E7EFFE700D06A03 /* Release */ = {
			isa = XCBuildConfiguration;
			buildSettings = {
				ALWAYS_SEARCH_USER_PATHS = NO;
				ASSETCATALOG_COMPILER_GENERATE_SWIFT_ASSET_SYMBOL_EXTENSIONS = YES;
				CLANG_ANALYZER_NONNULL = YES;
				CLANG_ANALYZER_NUMBER_OBJECT_CONVERSION = YES_AGGRESSIVE;
				CLANG_CXX_LANGUAGE_STANDARD = "gnu++20";
				CLANG_ENABLE_MODULES = YES;
				CLANG_ENABLE_OBJC_ARC = YES;
				CLANG_ENABLE_OBJC_WEAK = YES;
				CLANG_WARN_BLOCK_CAPTURE_AUTORELEASING = YES;
				CLANG_WARN_BOOL_CONVERSION = YES;
				CLANG_WARN_COMMA = YES;
				CLANG_WARN_CONSTANT_CONVERSION = YES;
				CLANG_WARN_DEPRECATED_OBJC_IMPLEMENTATIONS = YES;
				CLANG_WARN_DIRECT_OBJC_ISA_USAGE = YES_ERROR;
				CLANG_WARN_DOCUMENTATION_COMMENTS = YES;
				CLANG_WARN_EMPTY_BODY = YES;
				CLANG_WARN_ENUM_CONVERSION = YES;
				CLANG_WARN_INFINITE_RECURSION = YES;
				CLANG_WARN_INT_CONVERSION = YES;
				CLANG_WARN_NON_LITERAL_NULL_CONVERSION = YES;
				CLANG_WARN_OBJC_IMPLICIT_RETAIN_SELF = YES;
				CLANG_WARN_OBJC_LITERAL_CONVERSION = YES;
				CLANG_WARN_OBJC_ROOT_CLASS = YES_ERROR;
				CLANG_WARN_QUOTED_INCLUDE_IN_FRAMEWORK_HEADER = YES;
				CLANG_WARN_RANGE_LOOP_ANALYSIS = YES;
				CLANG_WARN_STRICT_PROTOTYPES = YES;
				CLANG_WARN_SUSPICIOUS_MOVE = YES;
				CLANG_WARN_UNGUARDED_AVAILABILITY = YES_AGGRESSIVE;
				CLANG_WARN_UNREACHABLE_CODE = YES;
				CLANG_WARN__DUPLICATE_METHOD_MATCH = YES;
				COPY_PHASE_STRIP = NO;
				DEBUG_INFORMATION_FORMAT = "dwarf-with-dsym";
				ENABLE_NS_ASSERTIONS = NO;
				ENABLE_STRICT_OBJC_MSGSEND = YES;
				ENABLE_USER_SCRIPT_SANDBOXING = YES;
				GCC_C_LANGUAGE_STANDARD = gnu17;
				GCC_NO_COMMON_BLOCKS = YES;
				GCC_WARN_64_TO_32_BIT_CONVERSION = YES;
				GCC_WARN_ABOUT_RETURN_TYPE = YES_ERROR;
				GCC_WARN_UNDECLARED_SELECTOR = YES;
				GCC_WARN_UNINITIALIZED_AUTOS = YES_AGGRESSIVE;
				GCC_WARN_UNUSED_FUNCTION = YES;
				GCC_WARN_UNUSED_VARIABLE = YES;
				LOCALIZATION_PREFERS_STRING_CATALOGS = YES;
				MTL_ENABLE_DEBUG_INFO = NO;
				MTL_FAST_MATH = YES;
				SWIFT_COMPILATION_MODE = wholemodule;
			};
			name = Release;
		};
		0DA944A62E7EFFE700D06A03 /* Debug */ = {
			isa = XCBuildConfiguration;
			buildSettings = {
				ASSETCATALOG_COMPILER_APPICON_NAME = AppIcon;
				ASSETCATALOG_COMPILER_GLOBAL_ACCENT_COLOR_NAME = AccentColor;
				CODE_SIGN_ENTITLEMENTS = HelloWorld_TodoList/HelloWorld_TodoList.entitlements;
				CODE_SIGN_STYLE = Automatic;
				CURRENT_PROJECT_VERSION = 1;
				DEVELOPMENT_ASSET_PATHS = "\"HelloWorld_TodoList/Preview Content\"";
				ENABLE_PREVIEWS = YES;
				GENERATE_INFOPLIST_FILE = YES;
				"INFOPLIST_KEY_UIApplicationSceneManifest_Generation[sdk=iphoneos*]" = YES;
				"INFOPLIST_KEY_UIApplicationSceneManifest_Generation[sdk=iphonesimulator*]" = YES;
				"INFOPLIST_KEY_UIApplicationSupportsIndirectInputEvents[sdk=iphoneos*]" = YES;
				"INFOPLIST_KEY_UIApplicationSupportsIndirectInputEvents[sdk=iphonesimulator*]" = YES;
				"INFOPLIST_KEY_UILaunchScreen_Generation[sdk=iphoneos*]" = YES;
				"INFOPLIST_KEY_UILaunchScreen_Generation[sdk=iphonesimulator*]" = YES;
				"INFOPLIST_KEY_UIStatusBarStyle[sdk=iphoneos*]" = UIStatusBarStyleDefault;
				"INFOPLIST_KEY_UIStatusBarStyle[sdk=iphonesimulator*]" = UIStatusBarStyleDefault;
				INFOPLIST_KEY_UISupportedInterfaceOrientations_iPad = "UIInterfaceOrientationPortrait UIInterfaceOrientationPortraitUpsideDown UIInterfaceOrientationLandscapeLeft UIInterfaceOrientationLandscapeRight";
				INFOPLIST_KEY_UISupportedInterfaceOrientations_iPhone = "UIInterfaceOrientationPortrait UIInterfaceOrientationLandscapeLeft UIInterfaceOrientationLandscapeRight";
				IPHONEOS_DEPLOYMENT_TARGET = 17.4;
				LD_RUNPATH_SEARCH_PATHS = "@executable_path/Frameworks";
				"LD_RUNPATH_SEARCH_PATHS[sdk=macosx*]" = "@executable_path/../Frameworks";
				MACOSX_DEPLOYMENT_TARGET = 14.4;
				MARKETING_VERSION = 1.0;
				PRODUCT_BUNDLE_IDENTIFIER = Calder.FocusFlow;
				PRODUCT_NAME = "$(TARGET_NAME)";
				SDKROOT = auto;
				SUPPORTED_PLATFORMS = "iphoneos iphonesimulator macosx";
				SWIFT_EMIT_LOC_STRINGS = YES;
				SWIFT_VERSION = 5.0;
				TARGETED_DEVICE_FAMILY = "1,2";
			};
			name = Debug;
		};
		0DA944A72E7EFFE700D06A03 /* Release */ = {
			isa = XCBuildConfiguration;
			buildSettings = {
				ASSETCATALOG_COMPILER_APPICON_NAME = AppIcon;
				ASSETCATALOG_COMPILER_GLOBAL_ACCENT_COLOR_NAME = AccentColor;
				CODE_SIGN_ENTITLEMENTS = HelloWorld_TodoList/HelloWorld_TodoList.entitlements;
				CODE_SIGN_STYLE = Automatic;
				CURRENT_PROJECT_VERSION = 1;
				DEVELOPMENT_ASSET_PATHS = "\"HelloWorld_TodoList/Preview Content\"";
				ENABLE_PREVIEWS = YES;
				GENERATE_INFOPLIST_FILE = YES;
				"INFOPLIST_KEY_UIApplicationSceneManifest_Generation[sdk=iphoneos*]" = YES;
				"INFOPLIST_KEY_UIApplicationSceneManifest_Generation[sdk=iphonesimulator*]" = YES;
				"INFOPLIST_KEY_UIApplicationSupportsIndirectInputEvents[sdk=iphoneos*]" = YES;
				"INFOPLIST_KEY_UIApplicationSupportsIndirectInputEvents[sdk=iphonesimulator*]" = YES;
				"INFOPLIST_KEY_UILaunchScreen_Generation[sdk=iphoneos*]" = YES;
				"INFOPLIST_KEY_UILaunchScreen_Generation[sdk=iphonesimulator*]" = YES;
				"INFOPLIST_KEY_UIStatusBarStyle[sdk=iphoneos*]" = UIStatusBarStyleDefault;
				"INFOPLIST_KEY_UIStatusBarStyle[sdk=iphonesimulator*]" = UIStatusBarStyleDefault;
				INFOPLIST_KEY_UISupportedInterfaceOrientations_iPad = "UIInterfaceOrientationPortrait UIInterfaceOrientationPortraitUpsideDown UIInterfaceOrientationLandscapeLeft UIInterfaceOrientationLandscapeRight";
				INFOPLIST_KEY_UISupportedInterfaceOrientations_iPhone = "UIInterfaceOrientationPortrait UIInterfaceOrientationLandscapeLeft UIInterfaceOrientationLandscapeRight";
				IPHONEOS_DEPLOYMENT_TARGET = 17.4;
				LD_RUNPATH_SEARCH_PATHS = "@executable_path/Frameworks";
				"LD_RUNPATH_SEARCH_PATHS[sdk=macosx*]" = "@executable_path/../Frameworks";
				MACOSX_DEPLOYMENT_TARGET = 14.4;
				MARKETING_VERSION = 1.0;
				PRODUCT_BUNDLE_IDENTIFIER = Calder.FocusFlow;
				PRODUCT_NAME = "$(TARGET_NAME)";
				SDKROOT = auto;
				SUPPORTED_PLATFORMS = "iphoneos iphonesimulator macosx";
				SWIFT_EMIT_LOC_STRINGS = YES;
				SWIFT_VERSION = 5.0;
				TARGETED_DEVICE_FAMILY = "1,2";
			};
			name = Release;
		};
		0DA944A92E7EFFE700D06A03 /* Debug */ = {
			isa = XCBuildConfiguration;
			buildSettings = {
				ALWAYS_EMBED_SWIFT_STANDARD_LIBRARIES = YES;
				BUNDLE_LOADER = "$(TEST_HOST)";
				CODE_SIGN_STYLE = Automatic;
				CURRENT_PROJECT_VERSION = 1;
				GENERATE_INFOPLIST_FILE = YES;
				IPHONEOS_DEPLOYMENT_TARGET = 17.4;
				MACOSX_DEPLOYMENT_TARGET = 14.4;
				MARKETING_VERSION = 1.0;
				PRODUCT_BUNDLE_IDENTIFIER = "Calder.HelloWorld-TodoListTests";
				PRODUCT_NAME = "$(TARGET_NAME)";
				SDKROOT = auto;
				SUPPORTED_PLATFORMS = "iphoneos iphonesimulator macosx";
				SWIFT_EMIT_LOC_STRINGS = NO;
				SWIFT_VERSION = 5.0;
				TARGETED_DEVICE_FAMILY = "1,2";
				TEST_HOST = "$(BUILT_PRODUCTS_DIR)/HelloWorld_TodoList.app/$(BUNDLE_EXECUTABLE_FOLDER_PATH)/HelloWorld_TodoList";
			};
			name = Debug;
		};
		0DA944AA2E7EFFE700D06A03 /* Release */ = {
			isa = XCBuildConfiguration;
			buildSettings = {
				ALWAYS_EMBED_SWIFT_STANDARD_LIBRARIES = YES;
				BUNDLE_LOADER = "$(TEST_HOST)";
				CODE_SIGN_STYLE = Automatic;
				CURRENT_PROJECT_VERSION = 1;
				GENERATE_INFOPLIST_FILE = YES;
				IPHONEOS_DEPLOYMENT_TARGET = 17.4;
				MACOSX_DEPLOYMENT_TARGET = 14.4;
				MARKETING_VERSION = 1.0;
				PRODUCT_BUNDLE_IDENTIFIER = "Calder.HelloWorld-TodoListTests";
				PRODUCT_NAME = "$(TARGET_NAME)";
				SDKROOT = auto;
				SUPPORTED_PLATFORMS = "iphoneos iphonesimulator macosx";
				SWIFT_EMIT_LOC_STRINGS = NO;
				SWIFT_VERSION = 5.0;
				TARGETED_DEVICE_FAMILY = "1,2";
				TEST_HOST = "$(BUILT_PRODUCTS_DIR)/HelloWorld_TodoList.app/$(BUNDLE_EXECUTABLE_FOLDER_PATH)/HelloWorld_TodoList";
			};
			name = Release;
		};
		0DA944AC2E7EFFE700D06A03 /* Debug */ = {
			isa = XCBuildConfiguration;
			buildSettings = {
				ALWAYS_EMBED_SWIFT_STANDARD_LIBRARIES = YES;
				CODE_SIGN_STYLE = Automatic;
				CURRENT_PROJECT_VERSION = 1;
				GENERATE_INFOPLIST_FILE = YES;
				IPHONEOS_DEPLOYMENT_TARGET = 17.4;
				MACOSX_DEPLOYMENT_TARGET = 14.4;
				MARKETING_VERSION = 1.0;
				PRODUCT_BUNDLE_IDENTIFIER = "Calder.HelloWorld-TodoListUITests";
				PRODUCT_NAME = "$(TARGET_NAME)";
				SDKROOT = auto;
				SUPPORTED_PLATFORMS = "iphoneos iphonesimulator macosx";
				SWIFT_EMIT_LOC_STRINGS = NO;
				SWIFT_VERSION = 5.0;
				TARGETED_DEVICE_FAMILY = "1,2";
				TEST_TARGET_NAME = HelloWorld_TodoList;
			};
			name = Debug;
		};
		0DA944AD2E7EFFE700D06A03 /* Release */ = {
			isa = XCBuildConfiguration;
			buildSettings = {
				ALWAYS_EMBED_SWIFT_STANDARD_LIBRARIES = YES;
				CODE_SIGN_STYLE = Automatic;
				CURRENT_PROJECT_VERSION = 1;
				GENERATE_INFOPLIST_FILE = YES;
				IPHONEOS_DEPLOYMENT_TARGET = 17.4;
				MACOSX_DEPLOYMENT_TARGET = 14.4;
				MARKETING_VERSION = 1.0;
				PRODUCT_BUNDLE_IDENTIFIER = "Calder.HelloWorld-TodoListUITests";
				PRODUCT_NAME = "$(TARGET_NAME)";
				SDKROOT = auto;
				SUPPORTED_PLATFORMS = "iphoneos iphonesimulator macosx";
				SWIFT_EMIT_LOC_STRINGS = NO;
				SWIFT_VERSION = 5.0;
				TARGETED_DEVICE_FAMILY = "1,2";
				TEST_TARGET_NAME = HelloWorld_TodoList;
			};
			name = Release;
		};
/* End XCBuildConfiguration section */

/* Begin XCConfigurationList section */
		0DA9447B2E7EFFE500D06A03 /* Build configuration list for PBXProject "HelloWorld_TodoList" */ = {
			isa = XCConfigurationList;
			buildConfigurations = (
				0DA944A32E7EFFE700D06A03 /* Debug */,
				0DA944A42E7EFFE700D06A03 /* Release */,
			);
			defaultConfigurationIsVisible = 0;
			defaultConfigurationName = Release;
		};
		0DA944A52E7EFFE700D06A03 /* Build configuration list for PBXNativeTarget "HelloWorld_TodoList" */ = {
			isa = XCConfigurationList;
			buildConfigurations = (
				0DA944A62E7EFFE700D06A03 /* Debug */,
				0DA944A72E7EFFE700D06A03 /* Release */,
			);
			defaultConfigurationIsVisible = 0;
			defaultConfigurationName = Release;
		};
		0DA944A82E7EFFE700D06A03 /* Build configuration list for PBXNativeTarget "HelloWorld_TodoListTests" */ = {
			isa = XCConfigurationList;
			buildConfigurations = (
				0DA944A92E7EFFE700D06A03 /* Debug */,
				0DA944AA2E7EFFE700D06A03 /* Release */,
			);
			defaultConfigurationIsVisible = 0;
			defaultConfigurationName = Release;
		};
		0DA944AB2E7EFFE700D06A03 /* Build configuration list for PBXNativeTarget "HelloWorld_TodoListUITests" */ = {
			isa = XCConfigurationList;
			buildConfigurations = (
				0DA944AC2E7EFFE700D06A03 /* Debug */,
				0DA944AD2E7EFFE700D06A03 /* Release */,
			);
			defaultConfigurationIsVisible = 0;
			defaultConfigurationName = Release;
		};
/* End XCConfigurationList section */

/* Begin XCRemoteSwiftPackageReference section */
		0D0595F02E7F669200318392 /* XCRemoteSwiftPackageReference "firebase-ios-sdk" */ = {
			isa = XCRemoteSwiftPackageReference;
			repositoryURL = "https://github.com/firebase/firebase-ios-sdk";
			requirement = {
				kind = upToNextMajorVersion;
				minimumVersion = 11.8.0;
			};
		};
/* End XCRemoteSwiftPackageReference section */

/* Begin XCSwiftPackageProductDependency section */
		0D0595F12E7F669200318392 /* FirebaseAI */ = {
			isa = XCSwiftPackageProductDependency;
			package = 0D0595F02E7F669200318392 /* XCRemoteSwiftPackageReference "firebase-ios-sdk" */;
			productName = FirebaseAI;
		};
		0D0595F32E7F669200318392 /* FirebaseAnalytics */ = {
			isa = XCSwiftPackageProductDependency;
			package = 0D0595F02E7F669200318392 /* XCRemoteSwiftPackageReference "firebase-ios-sdk" */;
			productName = FirebaseAnalytics;
		};
		0D0595F52E7F669200318392 /* FirebaseAnalyticsCore */ = {
			isa = XCSwiftPackageProductDependency;
			package = 0D0595F02E7F669200318392 /* XCRemoteSwiftPackageReference "firebase-ios-sdk" */;
			productName = FirebaseAnalyticsCore;
		};
		0D0595F72E7F669200318392 /* FirebaseAnalyticsIdentitySupport */ = {
			isa = XCSwiftPackageProductDependency;
			package = 0D0595F02E7F669200318392 /* XCRemoteSwiftPackageReference "firebase-ios-sdk" */;
			productName = FirebaseAnalyticsIdentitySupport;
		};
		0D0595F92E7F669200318392 /* FirebaseAnalyticsOnDeviceConversion */ = {
			isa = XCSwiftPackageProductDependency;
			package = 0D0595F02E7F669200318392 /* XCRemoteSwiftPackageReference "firebase-ios-sdk" */;
			productName = FirebaseAnalyticsOnDeviceConversion;
		};
		0D0595FB2E7F669200318392 /* FirebaseAnalyticsWithoutAdIdSupport */ = {
			isa = XCSwiftPackageProductDependency;
			package = 0D0595F02E7F669200318392 /* XCRemoteSwiftPackageReference "firebase-ios-sdk" */;
			productName = FirebaseAnalyticsWithoutAdIdSupport;
		};
		0D0595FD2E7F669200318392 /* FirebaseAppCheck */ = {
			isa = XCSwiftPackageProductDependency;
			package = 0D0595F02E7F669200318392 /* XCRemoteSwiftPackageReference "firebase-ios-sdk" */;
			productName = FirebaseAppCheck;
		};
		0D0595FF2E7F669200318392 /* FirebaseAppDistribution-Beta */ = {
			isa = XCSwiftPackageProductDependency;
			package = 0D0595F02E7F669200318392 /* XCRemoteSwiftPackageReference "firebase-ios-sdk" */;
			productName = "FirebaseAppDistribution-Beta";
		};
		0D0596012E7F669200318392 /* FirebaseAuth */ = {
			isa = XCSwiftPackageProductDependency;
			package = 0D0595F02E7F669200318392 /* XCRemoteSwiftPackageReference "firebase-ios-sdk" */;
			productName = FirebaseAuth;
		};
		0D0596032E7F669200318392 /* FirebaseAuthCombine-Community */ = {
			isa = XCSwiftPackageProductDependency;
			package = 0D0595F02E7F669200318392 /* XCRemoteSwiftPackageReference "firebase-ios-sdk" */;
			productName = "FirebaseAuthCombine-Community";
		};
		0D0596052E7F669200318392 /* FirebaseCore */ = {
			isa = XCSwiftPackageProductDependency;
			package = 0D0595F02E7F669200318392 /* XCRemoteSwiftPackageReference "firebase-ios-sdk" */;
			productName = FirebaseCore;
		};
		0D0596072E7F669200318392 /* FirebaseCrashlytics */ = {
			isa = XCSwiftPackageProductDependency;
			package = 0D0595F02E7F669200318392 /* XCRemoteSwiftPackageReference "firebase-ios-sdk" */;
			productName = FirebaseCrashlytics;
		};
		0D0596092E7F669200318392 /* FirebaseDatabase */ = {
			isa = XCSwiftPackageProductDependency;
			package = 0D0595F02E7F669200318392 /* XCRemoteSwiftPackageReference "firebase-ios-sdk" */;
			productName = FirebaseDatabase;
		};
		0D05960B2E7F669200318392 /* FirebaseDynamicLinks */ = {
			isa = XCSwiftPackageProductDependency;
			package = 0D0595F02E7F669200318392 /* XCRemoteSwiftPackageReference "firebase-ios-sdk" */;
			productName = FirebaseDynamicLinks;
		};
		0D05960D2E7F669200318392 /* FirebaseFirestore */ = {
			isa = XCSwiftPackageProductDependency;
			package = 0D0595F02E7F669200318392 /* XCRemoteSwiftPackageReference "firebase-ios-sdk" */;
			productName = FirebaseFirestore;
		};
		0D05960F2E7F669200318392 /* FirebaseFirestoreCombine-Community */ = {
			isa = XCSwiftPackageProductDependency;
			package = 0D0595F02E7F669200318392 /* XCRemoteSwiftPackageReference "firebase-ios-sdk" */;
			productName = "FirebaseFirestoreCombine-Community";
		};
		0D0596112E7F669200318392 /* FirebaseFunctions */ = {
			isa = XCSwiftPackageProductDependency;
			package = 0D0595F02E7F669200318392 /* XCRemoteSwiftPackageReference "firebase-ios-sdk" */;
			productName = FirebaseFunctions;
		};
		0D0596132E7F669200318392 /* FirebaseFunctionsCombine-Community */ = {
			isa = XCSwiftPackageProductDependency;
			package = 0D0595F02E7F669200318392 /* XCRemoteSwiftPackageReference "firebase-ios-sdk" */;
			productName = "FirebaseFunctionsCombine-Community";
		};
		0D0596152E7F669200318392 /* FirebaseInAppMessaging-Beta */ = {
			isa = XCSwiftPackageProductDependency;
			package = 0D0595F02E7F669200318392 /* XCRemoteSwiftPackageReference "firebase-ios-sdk" */;
			productName = "FirebaseInAppMessaging-Beta";
		};
		0D0596172E7F669200318392 /* FirebaseInstallations */ = {
			isa = XCSwiftPackageProductDependency;
			package = 0D0595F02E7F669200318392 /* XCRemoteSwiftPackageReference "firebase-ios-sdk" */;
			productName = FirebaseInstallations;
		};
		0D0596192E7F669200318392 /* FirebaseMLModelDownloader */ = {
			isa = XCSwiftPackageProductDependency;
			package = 0D0595F02E7F669200318392 /* XCRemoteSwiftPackageReference "firebase-ios-sdk" */;
			productName = FirebaseMLModelDownloader;
		};
		0D05961B2E7F669200318392 /* FirebaseMessaging */ = {
			isa = XCSwiftPackageProductDependency;
			package = 0D0595F02E7F669200318392 /* XCRemoteSwiftPackageReference "firebase-ios-sdk" */;
			productName = FirebaseMessaging;
		};
		0D05961D2E7F669200318392 /* FirebasePerformance */ = {
			isa = XCSwiftPackageProductDependency;
			package = 0D0595F02E7F669200318392 /* XCRemoteSwiftPackageReference "firebase-ios-sdk" */;
			productName = FirebasePerformance;
		};
		0D05961F2E7F669200318392 /* FirebaseRemoteConfig */ = {
			isa = XCSwiftPackageProductDependency;
			package = 0D0595F02E7F669200318392 /* XCRemoteSwiftPackageReference "firebase-ios-sdk" */;
			productName = FirebaseRemoteConfig;
		};
		0D0596212E7F669200318392 /* FirebaseStorage */ = {
			isa = XCSwiftPackageProductDependency;
			package = 0D0595F02E7F669200318392 /* XCRemoteSwiftPackageReference "firebase-ios-sdk" */;
			productName = FirebaseStorage;
		};
		0D0596232E7F669300318392 /* FirebaseStorageCombine-Community */ = {
			isa = XCSwiftPackageProductDependency;
			package = 0D0595F02E7F669200318392 /* XCRemoteSwiftPackageReference "firebase-ios-sdk" */;
			productName = "FirebaseStorageCombine-Community";
		};
		0D0596252E7F669300318392 /* FirebaseVertexAI */ = {
			isa = XCSwiftPackageProductDependency;
			package = 0D0595F02E7F669200318392 /* XCRemoteSwiftPackageReference "firebase-ios-sdk" */;
			productName = FirebaseVertexAI;
		};
/* End XCSwiftPackageProductDependency section */
	};
	rootObject = 0DA944782E7EFFE500D06A03 /* Project object */;
}
