// !$*UTF8*$!
{
	archiveVersion = 1;
	classes = {
	};
	objectVersion = 56;
	objects = {

/* Begin PBXBuildFile section */
		066AFEBA2E7FB2AC00B5A9EC /* Task.swift in Sources */ = {isa = PBXBuildFile; fileRef = 066AFEB92E7FB2A900B5A9EC /* Task.swift */; };
		0DA944842E7EFFE500D06A03 /* HelloWorld_TodoListApp.swift in Sources */ = {isa = PBXBuildFile; fileRef = 0DA944832E7EFFE500D06A03 /* HelloWorld_TodoListApp.swift */; };
		0DA944862E7EFFE500D06A03 /* ContentView.swift in Sources */ = {isa = PBXBuildFile; fileRef = 0DA944852E7EFFE500D06A03 /* ContentView.swift */; };
		0DA944882E7EFFE700D06A03 /* Assets.xcassets in Resources */ = {isa = PBXBuildFile; fileRef = 0DA944872E7EFFE700D06A03 /* Assets.xcassets */; };
		0DA9448C2E7EFFE700D06A03 /* Preview Assets.xcassets in Resources */ = {isa = PBXBuildFile; fileRef = 0DA9448B2E7EFFE700D06A03 /* Preview Assets.xcassets */; };
		0DA944962E7EFFE700D06A03 /* HelloWorld_TodoListTests.swift in Sources */ = {isa = PBXBuildFile; fileRef = 0DA944952E7EFFE700D06A03 /* HelloWorld_TodoListTests.swift */; };
		0DA944A02E7EFFE700D06A03 /* HelloWorld_TodoListUITests.swift in Sources */ = {isa = PBXBuildFile; fileRef = 0DA9449F2E7EFFE700D06A03 /* HelloWorld_TodoListUITests.swift */; };
		0DA944A22E7EFFE700D06A03 /* HelloWorld_TodoListUITestsLaunchTests.swift in Sources */ = {isa = PBXBuildFile; fileRef = 0DA944A12E7EFFE700D06A03 /* HelloWorld_TodoListUITestsLaunchTests.swift */; };
		0DA944BC2E7F221E00D06A03 /* SwiftUIView.swift in Sources */ = {isa = PBXBuildFile; fileRef = 0DA944BB2E7F221E00D06A03 /* SwiftUIView.swift */; };
		0DA944BD2E7F221E00D06A03 /* SwiftUIView.swift in Sources */ = {isa = PBXBuildFile; fileRef = 0DA944BB2E7F221E00D06A03 /* SwiftUIView.swift */; };
		0DA944BE2E7F221E00D06A03 /* SwiftUIView.swift in Sources */ = {isa = PBXBuildFile; fileRef = 0DA944BB2E7F221E00D06A03 /* SwiftUIView.swift */; };
		0DA944C82E7F54A200D06A03 /* Login.swift in Sources */ = {isa = PBXBuildFile; fileRef = 0DA944C72E7F54A200D06A03 /* Login.swift */; };
		0DA944C92E7F54A200D06A03 /* Login.swift in Sources */ = {isa = PBXBuildFile; fileRef = 0DA944C72E7F54A200D06A03 /* Login.swift */; };
		0DA944CA2E7F54A200D06A03 /* Login.swift in Sources */ = {isa = PBXBuildFile; fileRef = 0DA944C72E7F54A200D06A03 /* Login.swift */; };
		0DBA68E12E7F6057002C1826 /* Register.swift in Sources */ = {isa = PBXBuildFile; fileRef = 0DBA68E02E7F6057002C1826 /* Register.swift */; };
		9C4013952E7F884F004A4D0E /* GoogleService-Info.plist in Resources */ = {isa = PBXBuildFile; fileRef = 9C4013942E7F884F004A4D0E /* GoogleService-Info.plist */; };
		9C4013982E7F894C004A4D0E /* FirebaseAI in Frameworks */ = {isa = PBXBuildFile; productRef = 9C4013972E7F894C004A4D0E /* FirebaseAI */; };
		9C40139A2E7F894C004A4D0E /* FirebaseAnalytics in Frameworks */ = {isa = PBXBuildFile; productRef = 9C4013992E7F894C004A4D0E /* FirebaseAnalytics */; };
		9C40139C2E7F894C004A4D0E /* FirebaseAnalyticsCore in Frameworks */ = {isa = PBXBuildFile; productRef = 9C40139B2E7F894C004A4D0E /* FirebaseAnalyticsCore */; };
		9C40139E2E7F894C004A4D0E /* FirebaseAnalyticsIdentitySupport in Frameworks */ = {isa = PBXBuildFile; productRef = 9C40139D2E7F894C004A4D0E /* FirebaseAnalyticsIdentitySupport */; };
		9C4013A22E7F894C004A4D0E /* FirebaseAppDistribution-Beta in Frameworks */ = {isa = PBXBuildFile; productRef = 9C4013A12E7F894C004A4D0E /* FirebaseAppDistribution-Beta */; };
		9C4013A42E7F894C004A4D0E /* FirebaseAuth in Frameworks */ = {isa = PBXBuildFile; productRef = 9C4013A32E7F894C004A4D0E /* FirebaseAuth */; };
		9C4013A62E7F894C004A4D0E /* FirebaseAuthCombine-Community in Frameworks */ = {isa = PBXBuildFile; productRef = 9C4013A52E7F894C004A4D0E /* FirebaseAuthCombine-Community */; };
		9C4013A82E7F894C004A4D0E /* FirebaseCore in Frameworks */ = {isa = PBXBuildFile; productRef = 9C4013A72E7F894C004A4D0E /* FirebaseCore */; };
		9C4013AA2E7F894C004A4D0E /* FirebaseCrashlytics in Frameworks */ = {isa = PBXBuildFile; productRef = 9C4013A92E7F894C004A4D0E /* FirebaseCrashlytics */; };
		9C4013AC2E7F894C004A4D0E /* FirebaseDatabase in Frameworks */ = {isa = PBXBuildFile; productRef = 9C4013AB2E7F894C004A4D0E /* FirebaseDatabase */; };
		9C4013AE2E7F894C004A4D0E /* FirebaseFirestore in Frameworks */ = {isa = PBXBuildFile; productRef = 9C4013AD2E7F894C004A4D0E /* FirebaseFirestore */; };
		9C4013B02E7F894C004A4D0E /* FirebaseFirestoreCombine-Community in Frameworks */ = {isa = PBXBuildFile; productRef = 9C4013AF2E7F894C004A4D0E /* FirebaseFirestoreCombine-Community */; };
		9C4013B22E7F894C004A4D0E /* FirebaseFunctions in Frameworks */ = {isa = PBXBuildFile; productRef = 9C4013B12E7F894C004A4D0E /* FirebaseFunctions */; };
		9C4013B42E7F894C004A4D0E /* FirebaseFunctionsCombine-Community in Frameworks */ = {isa = PBXBuildFile; productRef = 9C4013B32E7F894C004A4D0E /* FirebaseFunctionsCombine-Community */; };
		9C4013B62E7F894C004A4D0E /* FirebaseInAppMessaging-Beta in Frameworks */ = {isa = PBXBuildFile; productRef = 9C4013B52E7F894C004A4D0E /* FirebaseInAppMessaging-Beta */; };
		9C4013B82E7F894C004A4D0E /* FirebaseInstallations in Frameworks */ = {isa = PBXBuildFile; productRef = 9C4013B72E7F894C004A4D0E /* FirebaseInstallations */; };
		9C4013BA2E7F894C004A4D0E /* FirebaseMessaging in Frameworks */ = {isa = PBXBuildFile; productRef = 9C4013B92E7F894C004A4D0E /* FirebaseMessaging */; };
		9C4013BC2E7F894C004A4D0E /* FirebaseMLModelDownloader in Frameworks */ = {isa = PBXBuildFile; productRef = 9C4013BB2E7F894C004A4D0E /* FirebaseMLModelDownloader */; };
		9C4013BE2E7F894C004A4D0E /* FirebasePerformance in Frameworks */ = {isa = PBXBuildFile; productRef = 9C4013BD2E7F894C004A4D0E /* FirebasePerformance */; };
		9C4013C02E7F894C004A4D0E /* FirebaseRemoteConfig in Frameworks */ = {isa = PBXBuildFile; productRef = 9C4013BF2E7F894C004A4D0E /* FirebaseRemoteConfig */; };
		9C4013C22E7F894C004A4D0E /* FirebaseStorage in Frameworks */ = {isa = PBXBuildFile; productRef = 9C4013C12E7F894C004A4D0E /* FirebaseStorage */; };
		9C4013C42E7F894C004A4D0E /* FirebaseStorageCombine-Community in Frameworks */ = {isa = PBXBuildFile; productRef = 9C4013C32E7F894C004A4D0E /* FirebaseStorageCombine-Community */; };
/* End PBXBuildFile section */

/* Begin PBXContainerItemProxy section */
		0DA944922E7EFFE700D06A03 /* PBXContainerItemProxy */ = {
			isa = PBXContainerItemProxy;
			containerPortal = 0DA944782E7EFFE500D06A03 /* Project object */;
			proxyType = 1;
			remoteGlobalIDString = 0DA9447F2E7EFFE500D06A03;
			remoteInfo = HelloWorld_TodoList;
		};
		0DA9449C2E7EFFE700D06A03 /* PBXContainerItemProxy */ = {
			isa = PBXContainerItemProxy;
			containerPortal = 0DA944782E7EFFE500D06A03 /* Project object */;
			proxyType = 1;
			remoteGlobalIDString = 0DA9447F2E7EFFE500D06A03;
			remoteInfo = HelloWorld_TodoList;
		};
/* End PBXContainerItemProxy section */

/* Begin PBXFileReference section */
		066AFEB92E7FB2A900B5A9EC /* Task.swift */ = {isa = PBXFileReference; lastKnownFileType = sourcecode.swift; path = Task.swift; sourceTree = "<group>"; };
		0DA944802E7EFFE500D06A03 /* HelloWorld_TodoList.app */ = {isa = PBXFileReference; explicitFileType = wrapper.application; includeInIndex = 0; path = HelloWorld_TodoList.app; sourceTree = BUILT_PRODUCTS_DIR; };
		0DA944832E7EFFE500D06A03 /* HelloWorld_TodoListApp.swift */ = {isa = PBXFileReference; lastKnownFileType = sourcecode.swift; path = HelloWorld_TodoListApp.swift; sourceTree = "<group>"; };
		0DA944852E7EFFE500D06A03 /* ContentView.swift */ = {isa = PBXFileReference; lastKnownFileType = sourcecode.swift; path = ContentView.swift; sourceTree = "<group>"; };
		0DA944872E7EFFE700D06A03 /* Assets.xcassets */ = {isa = PBXFileReference; lastKnownFileType = folder.assetcatalog; path = Assets.xcassets; sourceTree = "<group>"; };
		0DA944892E7EFFE700D06A03 /* HelloWorld_TodoList.entitlements */ = {isa = PBXFileReference; lastKnownFileType = text.plist.entitlements; path = HelloWorld_TodoList.entitlements; sourceTree = "<group>"; };
		0DA9448B2E7EFFE700D06A03 /* Preview Assets.xcassets */ = {isa = PBXFileReference; lastKnownFileType = folder.assetcatalog; path = "Preview Assets.xcassets"; sourceTree = "<group>"; };
		0DA944912E7EFFE700D06A03 /* HelloWorld_TodoListTests.xctest */ = {isa = PBXFileReference; explicitFileType = wrapper.cfbundle; includeInIndex = 0; path = HelloWorld_TodoListTests.xctest; sourceTree = BUILT_PRODUCTS_DIR; };
		0DA944952E7EFFE700D06A03 /* HelloWorld_TodoListTests.swift */ = {isa = PBXFileReference; lastKnownFileType = sourcecode.swift; path = HelloWorld_TodoListTests.swift; sourceTree = "<group>"; };
		0DA9449B2E7EFFE700D06A03 /* HelloWorld_TodoListUITests.xctest */ = {isa = PBXFileReference; explicitFileType = wrapper.cfbundle; includeInIndex = 0; path = HelloWorld_TodoListUITests.xctest; sourceTree = BUILT_PRODUCTS_DIR; };
		0DA9449F2E7EFFE700D06A03 /* HelloWorld_TodoListUITests.swift */ = {isa = PBXFileReference; lastKnownFileType = sourcecode.swift; path = HelloWorld_TodoListUITests.swift; sourceTree = "<group>"; };
		0DA944A12E7EFFE700D06A03 /* HelloWorld_TodoListUITestsLaunchTests.swift */ = {isa = PBXFileReference; lastKnownFileType = sourcecode.swift; path = HelloWorld_TodoListUITestsLaunchTests.swift; sourceTree = "<group>"; };
		0DA944BB2E7F221E00D06A03 /* SwiftUIView.swift */ = {isa = PBXFileReference; lastKnownFileType = sourcecode.swift; path = SwiftUIView.swift; sourceTree = "<group>"; };
		0DA944C72E7F54A200D06A03 /* Login.swift */ = {isa = PBXFileReference; lastKnownFileType = sourcecode.swift; path = Login.swift; sourceTree = "<group>"; };
		0DBA68E02E7F6057002C1826 /* Register.swift */ = {isa = PBXFileReference; lastKnownFileType = sourcecode.swift; path = Register.swift; sourceTree = "<group>"; };
		9C4013942E7F884F004A4D0E /* GoogleService-Info.plist */ = {isa = PBXFileReference; lastKnownFileType = text.plist.xml; path = "GoogleService-Info.plist"; sourceTree = "<group>"; };
/* End PBXFileReference section */

/* Begin PBXFrameworksBuildPhase section */
		0DA9447D2E7EFFE500D06A03 /* Frameworks */ = {
			isa = PBXFrameworksBuildPhase;
			buildActionMask = 2147483647;
			files = (
				9C4013BA2E7F894C004A4D0E /* FirebaseMessaging in Frameworks */,
				9C4013B02E7F894C004A4D0E /* FirebaseFirestoreCombine-Community in Frameworks */,
				9C4013BE2E7F894C004A4D0E /* FirebasePerformance in Frameworks */,
				9C4013C42E7F894C004A4D0E /* FirebaseStorageCombine-Community in Frameworks */,
				9C4013C02E7F894C004A4D0E /* FirebaseRemoteConfig in Frameworks */,
				9C4013B22E7F894C004A4D0E /* FirebaseFunctions in Frameworks */,
				9C40139E2E7F894C004A4D0E /* FirebaseAnalyticsIdentitySupport in Frameworks */,
				9C40139A2E7F894C004A4D0E /* FirebaseAnalytics in Frameworks */,
				9C40139C2E7F894C004A4D0E /* FirebaseAnalyticsCore in Frameworks */,
				9C4013982E7F894C004A4D0E /* FirebaseAI in Frameworks */,
				9C4013AE2E7F894C004A4D0E /* FirebaseFirestore in Frameworks */,
				9C4013B82E7F894C004A4D0E /* FirebaseInstallations in Frameworks */,
				9C4013B42E7F894C004A4D0E /* FirebaseFunctionsCombine-Community in Frameworks */,
				9C4013A42E7F894C004A4D0E /* FirebaseAuth in Frameworks */,
				9C4013BC2E7F894C004A4D0E /* FirebaseMLModelDownloader in Frameworks */,
				9C4013A22E7F894C004A4D0E /* FirebaseAppDistribution-Beta in Frameworks */,
				9C4013B62E7F894C004A4D0E /* FirebaseInAppMessaging-Beta in Frameworks */,
				9C4013AA2E7F894C004A4D0E /* FirebaseCrashlytics in Frameworks */,
				9C4013AC2E7F894C004A4D0E /* FirebaseDatabase in Frameworks */,
				9C4013C22E7F894C004A4D0E /* FirebaseStorage in Frameworks */,
				9C4013A82E7F894C004A4D0E /* FirebaseCore in Frameworks */,
				9C4013A62E7F894C004A4D0E /* FirebaseAuthCombine-Community in Frameworks */,
			);
			runOnlyForDeploymentPostprocessing = 0;
		};
		0DA9448E2E7EFFE700D06A03 /* Frameworks */ = {
			isa = PBXFrameworksBuildPhase;
			buildActionMask = 2147483647;
			files = (
			);
			runOnlyForDeploymentPostprocessing = 0;
		};
		0DA944982E7EFFE700D06A03 /* Frameworks */ = {
			isa = PBXFrameworksBuildPhase;
			buildActionMask = 2147483647;
			files = (
			);
			runOnlyForDeploymentPostprocessing = 0;
		};
/* End PBXFrameworksBuildPhase section */

/* Begin PBXGroup section */
		0DA944772E7EFFE500D06A03 = {
			isa = PBXGroup;
			children = (
				9C4013942E7F884F004A4D0E /* GoogleService-Info.plist */,
				0DA944822E7EFFE500D06A03 /* HelloWorld_TodoList */,
				0DA944942E7EFFE700D06A03 /* HelloWorld_TodoListTests */,
				0DA9449E2E7EFFE700D06A03 /* HelloWorld_TodoListUITests */,
				0DA944812E7EFFE500D06A03 /* Products */,
				0DA944CB2E7F551200D06A03 /* Frameworks */,
			);
			sourceTree = "<group>";
		};
		0DA944812E7EFFE500D06A03 /* Products */ = {
			isa = PBXGroup;
			children = (
				0DA944802E7EFFE500D06A03 /* HelloWorld_TodoList.app */,
				0DA944912E7EFFE700D06A03 /* HelloWorld_TodoListTests.xctest */,
				0DA9449B2E7EFFE700D06A03 /* HelloWorld_TodoListUITests.xctest */,
			);
			name = Products;
			sourceTree = "<group>";
		};
		0DA944822E7EFFE500D06A03 /* HelloWorld_TodoList */ = {
			isa = PBXGroup;
			children = (
				0DA944832E7EFFE500D06A03 /* HelloWorld_TodoListApp.swift */,
				0DA944852E7EFFE500D06A03 /* ContentView.swift */,
				066AFEB92E7FB2A900B5A9EC /* Task.swift */,
				0DA944C72E7F54A200D06A03 /* Login.swift */,
				0DBA68E02E7F6057002C1826 /* Register.swift */,
				0DA944872E7EFFE700D06A03 /* Assets.xcassets */,
				0DA944892E7EFFE700D06A03 /* HelloWorld_TodoList.entitlements */,
				0DA9448A2E7EFFE700D06A03 /* Preview Content */,
				0DA944BB2E7F221E00D06A03 /* SwiftUIView.swift */,
			);
			path = HelloWorld_TodoList;
			sourceTree = "<group>";
		};
		0DA9448A2E7EFFE700D06A03 /* Preview Content */ = {
			isa = PBXGroup;
			children = (
				0DA9448B2E7EFFE700D06A03 /* Preview Assets.xcassets */,
			);
			path = "Preview Content";
			sourceTree = "<group>";
		};
		0DA944942E7EFFE700D06A03 /* HelloWorld_TodoListTests */ = {
			isa = PBXGroup;
			children = (
				0DA944952E7EFFE700D06A03 /* HelloWorld_TodoListTests.swift */,
			);
			path = HelloWorld_TodoListTests;
			sourceTree = "<group>";
		};
		0DA9449E2E7EFFE700D06A03 /* HelloWorld_TodoListUITests */ = {
			isa = PBXGroup;
			children = (
				0DA9449F2E7EFFE700D06A03 /* HelloWorld_TodoListUITests.swift */,
				0DA944A12E7EFFE700D06A03 /* HelloWorld_TodoListUITestsLaunchTests.swift */,
			);
			path = HelloWorld_TodoListUITests;
			sourceTree = "<group>";
		};
		0DA944CB2E7F551200D06A03 /* Frameworks */ = {
			isa = PBXGroup;
			children = (
			);
			name = Frameworks;
			sourceTree = "<group>";
		};
/* End PBXGroup section */

/* Begin PBXNativeTarget section */
		0DA9447F2E7EFFE500D06A03 /* HelloWorld_TodoList */ = {
			isa = PBXNativeTarget;
			buildConfigurationList = 0DA944A52E7EFFE700D06A03 /* Build configuration list for PBXNativeTarget "HelloWorld_TodoList" */;
			buildPhases = (
				0DA9447C2E7EFFE500D06A03 /* Sources */,
				0DA9447D2E7EFFE500D06A03 /* Frameworks */,
				0DA9447E2E7EFFE500D06A03 /* Resources */,
			);
			buildRules = (
			);
			dependencies = (
			);
			name = HelloWorld_TodoList;
			packageProductDependencies = (
				9C4013972E7F894C004A4D0E /* FirebaseAI */,
				9C4013992E7F894C004A4D0E /* FirebaseAnalytics */,
				9C40139B2E7F894C004A4D0E /* FirebaseAnalyticsCore */,
				9C40139D2E7F894C004A4D0E /* FirebaseAnalyticsIdentitySupport */,
				9C4013A12E7F894C004A4D0E /* FirebaseAppDistribution-Beta */,
				9C4013A32E7F894C004A4D0E /* FirebaseAuth */,
				9C4013A52E7F894C004A4D0E /* FirebaseAuthCombine-Community */,
				9C4013A72E7F894C004A4D0E /* FirebaseCore */,
				9C4013A92E7F894C004A4D0E /* FirebaseCrashlytics */,
				9C4013AB2E7F894C004A4D0E /* FirebaseDatabase */,
				9C4013AD2E7F894C004A4D0E /* FirebaseFirestore */,
				9C4013AF2E7F894C004A4D0E /* FirebaseFirestoreCombine-Community */,
				9C4013B12E7F894C004A4D0E /* FirebaseFunctions */,
				9C4013B32E7F894C004A4D0E /* FirebaseFunctionsCombine-Community */,
				9C4013B52E7F894C004A4D0E /* FirebaseInAppMessaging-Beta */,
				9C4013B72E7F894C004A4D0E /* FirebaseInstallations */,
				9C4013B92E7F894C004A4D0E /* FirebaseMessaging */,
				9C4013BB2E7F894C004A4D0E /* FirebaseMLModelDownloader */,
				9C4013BD2E7F894C004A4D0E /* FirebasePerformance */,
				9C4013BF2E7F894C004A4D0E /* FirebaseRemoteConfig */,
				9C4013C12E7F894C004A4D0E /* FirebaseStorage */,
				9C4013C32E7F894C004A4D0E /* FirebaseStorageCombine-Community */,
			);
			productName = HelloWorld_TodoList;
			productReference = 0DA944802E7EFFE500D06A03 /* HelloWorld_TodoList.app */;
			productType = "com.apple.product-type.application";
		};
		0DA944902E7EFFE700D06A03 /* HelloWorld_TodoListTests */ = {
			isa = PBXNativeTarget;
			buildConfigurationList = 0DA944A82E7EFFE700D06A03 /* Build configuration list for PBXNativeTarget "HelloWorld_TodoListTests" */;
			buildPhases = (
				0DA9448D2E7EFFE700D06A03 /* Sources */,
				0DA9448E2E7EFFE700D06A03 /* Frameworks */,
				0DA9448F2E7EFFE700D06A03 /* Resources */,
			);
			buildRules = (
			);
			dependencies = (
				0DA944932E7EFFE700D06A03 /* PBXTargetDependency */,
			);
			name = HelloWorld_TodoListTests;
			packageProductDependencies = (
			);
			productName = HelloWorld_TodoListTests;
			productReference = 0DA944912E7EFFE700D06A03 /* HelloWorld_TodoListTests.xctest */;
			productType = "com.apple.product-type.bundle.unit-test";
		};
		0DA9449A2E7EFFE700D06A03 /* HelloWorld_TodoListUITests */ = {
			isa = PBXNativeTarget;
			buildConfigurationList = 0DA944AB2E7EFFE700D06A03 /* Build configuration list for PBXNativeTarget "HelloWorld_TodoListUITests" */;
			buildPhases = (
				0DA944972E7EFFE700D06A03 /* Sources */,
				0DA944982E7EFFE700D06A03 /* Frameworks */,
				0DA944992E7EFFE700D06A03 /* Resources */,
			);
			buildRules = (
			);
			dependencies = (
				0DA9449D2E7EFFE700D06A03 /* PBXTargetDependency */,
			);
			name = HelloWorld_TodoListUITests;
			packageProductDependencies = (
			);
			productName = HelloWorld_TodoListUITests;
			productReference = 0DA9449B2E7EFFE700D06A03 /* HelloWorld_TodoListUITests.xctest */;
			productType = "com.apple.product-type.bundle.ui-testing";
		};
/* End PBXNativeTarget section */

/* Begin PBXProject section */
		0DA944782E7EFFE500D06A03 /* Project object */ = {
			isa = PBXProject;
			attributes = {
				BuildIndependentTargetsInParallel = 1;
				LastSwiftUpdateCheck = 1530;
				LastUpgradeCheck = 1530;
				TargetAttributes = {
					0DA9447F2E7EFFE500D06A03 = {
						CreatedOnToolsVersion = 15.3;
					};
					0DA944902E7EFFE700D06A03 = {
						CreatedOnToolsVersion = 15.3;
						TestTargetID = 0DA9447F2E7EFFE500D06A03;
					};
					0DA9449A2E7EFFE700D06A03 = {
						CreatedOnToolsVersion = 15.3;
						TestTargetID = 0DA9447F2E7EFFE500D06A03;
					};
				};
			};
			buildConfigurationList = 0DA9447B2E7EFFE500D06A03 /* Build configuration list for PBXProject "HelloWorld_TodoList" */;
			compatibilityVersion = "Xcode 14.0";
			developmentRegion = en;
			hasScannedForEncodings = 0;
			knownRegions = (
				en,
				Base,
			);
			mainGroup = 0DA944772E7EFFE500D06A03;
			packageReferences = (
				9C4013962E7F892B004A4D0E /* XCRemoteSwiftPackageReference "firebase-ios-sdk" */,
			);
			productRefGroup = 0DA944812E7EFFE500D06A03 /* Products */;
			projectDirPath = "";
			projectRoot = "";
			targets = (
				0DA9447F2E7EFFE500D06A03 /* HelloWorld_TodoList */,
				0DA944902E7EFFE700D06A03 /* HelloWorld_TodoListTests */,
				0DA9449A2E7EFFE700D06A03 /* HelloWorld_TodoListUITests */,
			);
		};
/* End PBXProject section */

/* Begin PBXResourcesBuildPhase section */
		0DA9447E2E7EFFE500D06A03 /* Resources */ = {
			isa = PBXResourcesBuildPhase;
			buildActionMask = 2147483647;
			files = (
				0DA9448C2E7EFFE700D06A03 /* Preview Assets.xcassets in Resources */,
				0DA944882E7EFFE700D06A03 /* Assets.xcassets in Resources */,
				9C4013952E7F884F004A4D0E /* GoogleService-Info.plist in Resources */,
			);
			runOnlyForDeploymentPostprocessing = 0;
		};
		0DA9448F2E7EFFE700D06A03 /* Resources */ = {
			isa = PBXResourcesBuildPhase;
			buildActionMask = 2147483647;
			files = (
			);
			runOnlyForDeploymentPostprocessing = 0;
		};
		0DA944992E7EFFE700D06A03 /* Resources */ = {
			isa = PBXResourcesBuildPhase;
			buildActionMask = 2147483647;
			files = (
			);
			runOnlyForDeploymentPostprocessing = 0;
		};
/* End PBXResourcesBuildPhase section */

/* Begin PBXSourcesBuildPhase section */
		0DA9447C2E7EFFE500D06A03 /* Sources */ = {
			isa = PBXSourcesBuildPhase;
			buildActionMask = 2147483647;
			files = (
				0DA944862E7EFFE500D06A03 /* ContentView.swift in Sources */,
				0DA944842E7EFFE500D06A03 /* HelloWorld_TodoListApp.swift in Sources */,
				0DA944BC2E7F221E00D06A03 /* SwiftUIView.swift in Sources */,
				0DA944C82E7F54A200D06A03 /* Login.swift in Sources */,
				066AFEBA2E7FB2AC00B5A9EC /* Task.swift in Sources */,
				0DBA68E12E7F6057002C1826 /* Register.swift in Sources */,
			);
			runOnlyForDeploymentPostprocessing = 0;
		};
		0DA9448D2E7EFFE700D06A03 /* Sources */ = {
			isa = PBXSourcesBuildPhase;
			buildActionMask = 2147483647;
			files = (
				0DA944C92E7F54A200D06A03 /* Login.swift in Sources */,
				0DA944BD2E7F221E00D06A03 /* SwiftUIView.swift in Sources */,
				0DA944962E7EFFE700D06A03 /* HelloWorld_TodoListTests.swift in Sources */,
			);
			runOnlyForDeploymentPostprocessing = 0;
		};
		0DA944972E7EFFE700D06A03 /* Sources */ = {
			isa = PBXSourcesBuildPhase;
			buildActionMask = 2147483647;
			files = (
				0DA944A22E7EFFE700D06A03 /* HelloWorld_TodoListUITestsLaunchTests.swift in Sources */,
				0DA944A02E7EFFE700D06A03 /* HelloWorld_TodoListUITests.swift in Sources */,
				0DA944BE2E7F221E00D06A03 /* SwiftUIView.swift in Sources */,
				0DA944CA2E7F54A200D06A03 /* Login.swift in Sources */,
			);
			runOnlyForDeploymentPostprocessing = 0;
		};
/* End PBXSourcesBuildPhase section */

/* Begin PBXTargetDependency section */
		0DA944932E7EFFE700D06A03 /* PBXTargetDependency */ = {
			isa = PBXTargetDependency;
			target = 0DA9447F2E7EFFE500D06A03 /* HelloWorld_TodoList */;
			targetProxy = 0DA944922E7EFFE700D06A03 /* PBXContainerItemProxy */;
		};
		0DA9449D2E7EFFE700D06A03 /* PBXTargetDependency */ = {
			isa = PBXTargetDependency;
			target = 0DA9447F2E7EFFE500D06A03 /* HelloWorld_TodoList */;
			targetProxy = 0DA9449C2E7EFFE700D06A03 /* PBXContainerItemProxy */;
		};
/* End PBXTargetDependency section */

/* Begin XCBuildConfiguration section */
		0DA944A32E7EFFE700D06A03 /* Debug */ = {
			isa = XCBuildConfiguration;
			buildSettings = {
				ALWAYS_SEARCH_USER_PATHS = NO;
				ASSETCATALOG_COMPILER_GENERATE_SWIFT_ASSET_SYMBOL_EXTENSIONS = YES;
				CLANG_ANALYZER_NONNULL = YES;
				CLANG_ANALYZER_NUMBER_OBJECT_CONVERSION = YES_AGGRESSIVE;
				CLANG_CXX_LANGUAGE_STANDARD = "gnu++20";
				CLANG_ENABLE_MODULES = YES;
				CLANG_ENABLE_OBJC_ARC = YES;
				CLANG_ENABLE_OBJC_WEAK = YES;
				CLANG_WARN_BLOCK_CAPTURE_AUTORELEASING = YES;
				CLANG_WARN_BOOL_CONVERSION = YES;
				CLANG_WARN_COMMA = YES;
				CLANG_WARN_CONSTANT_CONVERSION = YES;
				CLANG_WARN_DEPRECATED_OBJC_IMPLEMENTATIONS = YES;
				CLANG_WARN_DIRECT_OBJC_ISA_USAGE = YES_ERROR;
				CLANG_WARN_DOCUMENTATION_COMMENTS = YES;
				CLANG_WARN_EMPTY_BODY = YES;
				CLANG_WARN_ENUM_CONVERSION = YES;
				CLANG_WARN_INFINITE_RECURSION = YES;
				CLANG_WARN_INT_CONVERSION = YES;
				CLANG_WARN_NON_LITERAL_NULL_CONVERSION = YES;
				CLANG_WARN_OBJC_IMPLICIT_RETAIN_SELF = YES;
				CLANG_WARN_OBJC_LITERAL_CONVERSION = YES;
				CLANG_WARN_OBJC_ROOT_CLASS = YES_ERROR;
				CLANG_WARN_QUOTED_INCLUDE_IN_FRAMEWORK_HEADER = YES;
				CLANG_WARN_RANGE_LOOP_ANALYSIS = YES;
				CLANG_WARN_STRICT_PROTOTYPES = YES;
				CLANG_WARN_SUSPICIOUS_MOVE = YES;
				CLANG_WARN_UNGUARDED_AVAILABILITY = YES_AGGRESSIVE;
				CLANG_WARN_UNREACHABLE_CODE = YES;
				CLANG_WARN__DUPLICATE_METHOD_MATCH = YES;
				COPY_PHASE_STRIP = NO;
				DEBUG_INFORMATION_FORMAT = dwarf;
				ENABLE_STRICT_OBJC_MSGSEND = YES;
				ENABLE_TESTABILITY = YES;
				ENABLE_USER_SCRIPT_SANDBOXING = YES;
				GCC_C_LANGUAGE_STANDARD = gnu17;
				GCC_DYNAMIC_NO_PIC = NO;
				GCC_NO_COMMON_BLOCKS = YES;
				GCC_OPTIMIZATION_LEVEL = 0;
				GCC_PREPROCESSOR_DEFINITIONS = (
					"DEBUG=1",
					"$(inherited)",
				);
				GCC_WARN_64_TO_32_BIT_CONVERSION = YES;
				GCC_WARN_ABOUT_RETURN_TYPE = YES_ERROR;
				GCC_WARN_UNDECLARED_SELECTOR = YES;
				GCC_WARN_UNINITIALIZED_AUTOS = YES_AGGRESSIVE;
				GCC_WARN_UNUSED_FUNCTION = YES;
				GCC_WARN_UNUSED_VARIABLE = YES;
				LOCALIZATION_PREFERS_STRING_CATALOGS = YES;
				MTL_ENABLE_DEBUG_INFO = INCLUDE_SOURCE;
				MTL_FAST_MATH = YES;
				ONLY_ACTIVE_ARCH = YES;
				SWIFT_ACTIVE_COMPILATION_CONDITIONS = "DEBUG $(inherited)";
				SWIFT_OPTIMIZATION_LEVEL = "-Onone";
			};
			name = Debug;
		};
		0DA944A42E7EFFE700D06A03 /* Release */ = {
			isa = XCBuildConfiguration;
			buildSettings = {
				ALWAYS_SEARCH_USER_PATHS = NO;
				ASSETCATALOG_COMPILER_GENERATE_SWIFT_ASSET_SYMBOL_EXTENSIONS = YES;
				CLANG_ANALYZER_NONNULL = YES;
				CLANG_ANALYZER_NUMBER_OBJECT_CONVERSION = YES_AGGRESSIVE;
				CLANG_CXX_LANGUAGE_STANDARD = "gnu++20";
				CLANG_ENABLE_MODULES = YES;
				CLANG_ENABLE_OBJC_ARC = YES;
				CLANG_ENABLE_OBJC_WEAK = YES;
				CLANG_WARN_BLOCK_CAPTURE_AUTORELEASING = YES;
				CLANG_WARN_BOOL_CONVERSION = YES;
				CLANG_WARN_COMMA = YES;
				CLANG_WARN_CONSTANT_CONVERSION = YES;
				CLANG_WARN_DEPRECATED_OBJC_IMPLEMENTATIONS = YES;
				CLANG_WARN_DIRECT_OBJC_ISA_USAGE = YES_ERROR;
				CLANG_WARN_DOCUMENTATION_COMMENTS = YES;
				CLANG_WARN_EMPTY_BODY = YES;
				CLANG_WARN_ENUM_CONVERSION = YES;
				CLANG_WARN_INFINITE_RECURSION = YES;
				CLANG_WARN_INT_CONVERSION = YES;
				CLANG_WARN_NON_LITERAL_NULL_CONVERSION = YES;
				CLANG_WARN_OBJC_IMPLICIT_RETAIN_SELF = YES;
				CLANG_WARN_OBJC_LITERAL_CONVERSION = YES;
				CLANG_WARN_OBJC_ROOT_CLASS = YES_ERROR;
				CLANG_WARN_QUOTED_INCLUDE_IN_FRAMEWORK_HEADER = YES;
				CLANG_WARN_RANGE_LOOP_ANALYSIS = YES;
				CLANG_WARN_STRICT_PROTOTYPES = YES;
				CLANG_WARN_SUSPICIOUS_MOVE = YES;
				CLANG_WARN_UNGUARDED_AVAILABILITY = YES_AGGRESSIVE;
				CLANG_WARN_UNREACHABLE_CODE = YES;
				CLANG_WARN__DUPLICATE_METHOD_MATCH = YES;
				COPY_PHASE_STRIP = NO;
				DEBUG_INFORMATION_FORMAT = "dwarf-with-dsym";
				ENABLE_NS_ASSERTIONS = NO;
				ENABLE_STRICT_OBJC_MSGSEND = YES;
				ENABLE_USER_SCRIPT_SANDBOXING = YES;
				GCC_C_LANGUAGE_STANDARD = gnu17;
				GCC_NO_COMMON_BLOCKS = YES;
				GCC_WARN_64_TO_32_BIT_CONVERSION = YES;
				GCC_WARN_ABOUT_RETURN_TYPE = YES_ERROR;
				GCC_WARN_UNDECLARED_SELECTOR = YES;
				GCC_WARN_UNINITIALIZED_AUTOS = YES_AGGRESSIVE;
				GCC_WARN_UNUSED_FUNCTION = YES;
				GCC_WARN_UNUSED_VARIABLE = YES;
				LOCALIZATION_PREFERS_STRING_CATALOGS = YES;
				MTL_ENABLE_DEBUG_INFO = NO;
				MTL_FAST_MATH = YES;
				SWIFT_COMPILATION_MODE = wholemodule;
			};
			name = Release;
		};
		0DA944A62E7EFFE700D06A03 /* Debug */ = {
			isa = XCBuildConfiguration;
			buildSettings = {
				ASSETCATALOG_COMPILER_APPICON_NAME = AppIcon;
				ASSETCATALOG_COMPILER_GLOBAL_ACCENT_COLOR_NAME = AccentColor;
				CODE_SIGN_ENTITLEMENTS = HelloWorld_TodoList/HelloWorld_TodoList.entitlements;
				CODE_SIGN_STYLE = Automatic;
				CURRENT_PROJECT_VERSION = 1;
				DEVELOPMENT_ASSET_PATHS = "\"HelloWorld_TodoList/Preview Content\"";
				ENABLE_PREVIEWS = YES;
				GENERATE_INFOPLIST_FILE = YES;
				"INFOPLIST_KEY_UIApplicationSceneManifest_Generation[sdk=iphoneos*]" = YES;
				"INFOPLIST_KEY_UIApplicationSceneManifest_Generation[sdk=iphonesimulator*]" = YES;
				"INFOPLIST_KEY_UIApplicationSupportsIndirectInputEvents[sdk=iphoneos*]" = YES;
				"INFOPLIST_KEY_UIApplicationSupportsIndirectInputEvents[sdk=iphonesimulator*]" = YES;
				"INFOPLIST_KEY_UILaunchScreen_Generation[sdk=iphoneos*]" = YES;
				"INFOPLIST_KEY_UILaunchScreen_Generation[sdk=iphonesimulator*]" = YES;
				"INFOPLIST_KEY_UIStatusBarStyle[sdk=iphoneos*]" = UIStatusBarStyleDefault;
				"INFOPLIST_KEY_UIStatusBarStyle[sdk=iphonesimulator*]" = UIStatusBarStyleDefault;
				INFOPLIST_KEY_UISupportedInterfaceOrientations_iPad = "UIInterfaceOrientationPortrait UIInterfaceOrientationPortraitUpsideDown UIInterfaceOrientationLandscapeLeft UIInterfaceOrientationLandscapeRight";
				INFOPLIST_KEY_UISupportedInterfaceOrientations_iPhone = "UIInterfaceOrientationPortrait UIInterfaceOrientationLandscapeLeft UIInterfaceOrientationLandscapeRight";
				IPHONEOS_DEPLOYMENT_TARGET = 17.4;
				LD_RUNPATH_SEARCH_PATHS = "@executable_path/Frameworks";
				"LD_RUNPATH_SEARCH_PATHS[sdk=macosx*]" = "@executable_path/../Frameworks";
				MACOSX_DEPLOYMENT_TARGET = 14.4;
				MARKETING_VERSION = 1.0;
				PRODUCT_BUNDLE_IDENTIFIER = Calder.FocusFlow;
				PRODUCT_NAME = "$(TARGET_NAME)";
				SDKROOT = auto;
				SUPPORTED_PLATFORMS = "iphoneos iphonesimulator macosx";
				SWIFT_EMIT_LOC_STRINGS = YES;
				SWIFT_VERSION = 5.0;
				TARGETED_DEVICE_FAMILY = "1,2";
			};
			name = Debug;
		};
		0DA944A72E7EFFE700D06A03 /* Release */ = {
			isa = XCBuildConfiguration;
			buildSettings = {
				ASSETCATALOG_COMPILER_APPICON_NAME = AppIcon;
				ASSETCATALOG_COMPILER_GLOBAL_ACCENT_COLOR_NAME = AccentColor;
				CODE_SIGN_ENTITLEMENTS = HelloWorld_TodoList/HelloWorld_TodoList.entitlements;
				CODE_SIGN_STYLE = Automatic;
				CURRENT_PROJECT_VERSION = 1;
				DEVELOPMENT_ASSET_PATHS = "\"HelloWorld_TodoList/Preview Content\"";
				ENABLE_PREVIEWS = YES;
				GENERATE_INFOPLIST_FILE = YES;
				"INFOPLIST_KEY_UIApplicationSceneManifest_Generation[sdk=iphoneos*]" = YES;
				"INFOPLIST_KEY_UIApplicationSceneManifest_Generation[sdk=iphonesimulator*]" = YES;
				"INFOPLIST_KEY_UIApplicationSupportsIndirectInputEvents[sdk=iphoneos*]" = YES;
				"INFOPLIST_KEY_UIApplicationSupportsIndirectInputEvents[sdk=iphonesimulator*]" = YES;
				"INFOPLIST_KEY_UILaunchScreen_Generation[sdk=iphoneos*]" = YES;
				"INFOPLIST_KEY_UILaunchScreen_Generation[sdk=iphonesimulator*]" = YES;
				"INFOPLIST_KEY_UIStatusBarStyle[sdk=iphoneos*]" = UIStatusBarStyleDefault;
				"INFOPLIST_KEY_UIStatusBarStyle[sdk=iphonesimulator*]" = UIStatusBarStyleDefault;
				INFOPLIST_KEY_UISupportedInterfaceOrientations_iPad = "UIInterfaceOrientationPortrait UIInterfaceOrientationPortraitUpsideDown UIInterfaceOrientationLandscapeLeft UIInterfaceOrientationLandscapeRight";
				INFOPLIST_KEY_UISupportedInterfaceOrientations_iPhone = "UIInterfaceOrientationPortrait UIInterfaceOrientationLandscapeLeft UIInterfaceOrientationLandscapeRight";
				IPHONEOS_DEPLOYMENT_TARGET = 17.4;
				LD_RUNPATH_SEARCH_PATHS = "@executable_path/Frameworks";
				"LD_RUNPATH_SEARCH_PATHS[sdk=macosx*]" = "@executable_path/../Frameworks";
				MACOSX_DEPLOYMENT_TARGET = 14.4;
				MARKETING_VERSION = 1.0;
				PRODUCT_BUNDLE_IDENTIFIER = Calder.FocusFlow;
				PRODUCT_NAME = "$(TARGET_NAME)";
				SDKROOT = auto;
				SUPPORTED_PLATFORMS = "iphoneos iphonesimulator macosx";
				SWIFT_EMIT_LOC_STRINGS = YES;
				SWIFT_VERSION = 5.0;
				TARGETED_DEVICE_FAMILY = "1,2";
			};
			name = Release;
		};
		0DA944A92E7EFFE700D06A03 /* Debug */ = {
			isa = XCBuildConfiguration;
			buildSettings = {
				ALWAYS_EMBED_SWIFT_STANDARD_LIBRARIES = YES;
				BUNDLE_LOADER = "$(TEST_HOST)";
				CODE_SIGN_STYLE = Automatic;
				CURRENT_PROJECT_VERSION = 1;
				GENERATE_INFOPLIST_FILE = YES;
				IPHONEOS_DEPLOYMENT_TARGET = 17.4;
				MACOSX_DEPLOYMENT_TARGET = 14.4;
				MARKETING_VERSION = 1.0;
				PRODUCT_BUNDLE_IDENTIFIER = "Calder.HelloWorld-TodoListTests";
				PRODUCT_NAME = "$(TARGET_NAME)";
				SDKROOT = auto;
				SUPPORTED_PLATFORMS = "iphoneos iphonesimulator macosx";
				SWIFT_EMIT_LOC_STRINGS = NO;
				SWIFT_VERSION = 5.0;
				TARGETED_DEVICE_FAMILY = "1,2";
				TEST_HOST = "$(BUILT_PRODUCTS_DIR)/HelloWorld_TodoList.app/$(BUNDLE_EXECUTABLE_FOLDER_PATH)/HelloWorld_TodoList";
			};
			name = Debug;
		};
		0DA944AA2E7EFFE700D06A03 /* Release */ = {
			isa = XCBuildConfiguration;
			buildSettings = {
				ALWAYS_EMBED_SWIFT_STANDARD_LIBRARIES = YES;
				BUNDLE_LOADER = "$(TEST_HOST)";
				CODE_SIGN_STYLE = Automatic;
				CURRENT_PROJECT_VERSION = 1;
				GENERATE_INFOPLIST_FILE = YES;
				IPHONEOS_DEPLOYMENT_TARGET = 17.4;
				MACOSX_DEPLOYMENT_TARGET = 14.4;
				MARKETING_VERSION = 1.0;
				PRODUCT_BUNDLE_IDENTIFIER = "Calder.HelloWorld-TodoListTests";
				PRODUCT_NAME = "$(TARGET_NAME)";
				SDKROOT = auto;
				SUPPORTED_PLATFORMS = "iphoneos iphonesimulator macosx";
				SWIFT_EMIT_LOC_STRINGS = NO;
				SWIFT_VERSION = 5.0;
				TARGETED_DEVICE_FAMILY = "1,2";
				TEST_HOST = "$(BUILT_PRODUCTS_DIR)/HelloWorld_TodoList.app/$(BUNDLE_EXECUTABLE_FOLDER_PATH)/HelloWorld_TodoList";
			};
			name = Release;
		};
		0DA944AC2E7EFFE700D06A03 /* Debug */ = {
			isa = XCBuildConfiguration;
			buildSettings = {
				ALWAYS_EMBED_SWIFT_STANDARD_LIBRARIES = YES;
				CODE_SIGN_STYLE = Automatic;
				CURRENT_PROJECT_VERSION = 1;
				GENERATE_INFOPLIST_FILE = YES;
				IPHONEOS_DEPLOYMENT_TARGET = 17.4;
				MACOSX_DEPLOYMENT_TARGET = 14.4;
				MARKETING_VERSION = 1.0;
				PRODUCT_BUNDLE_IDENTIFIER = "Calder.HelloWorld-TodoListUITests";
				PRODUCT_NAME = "$(TARGET_NAME)";
				SDKROOT = auto;
				SUPPORTED_PLATFORMS = "iphoneos iphonesimulator macosx";
				SWIFT_EMIT_LOC_STRINGS = NO;
				SWIFT_VERSION = 5.0;
				TARGETED_DEVICE_FAMILY = "1,2";
				TEST_TARGET_NAME = HelloWorld_TodoList;
			};
			name = Debug;
		};
		0DA944AD2E7EFFE700D06A03 /* Release */ = {
			isa = XCBuildConfiguration;
			buildSettings = {
				ALWAYS_EMBED_SWIFT_STANDARD_LIBRARIES = YES;
				CODE_SIGN_STYLE = Automatic;
				CURRENT_PROJECT_VERSION = 1;
				GENERATE_INFOPLIST_FILE = YES;
				IPHONEOS_DEPLOYMENT_TARGET = 17.4;
				MACOSX_DEPLOYMENT_TARGET = 14.4;
				MARKETING_VERSION = 1.0;
				PRODUCT_BUNDLE_IDENTIFIER = "Calder.HelloWorld-TodoListUITests";
				PRODUCT_NAME = "$(TARGET_NAME)";
				SDKROOT = auto;
				SUPPORTED_PLATFORMS = "iphoneos iphonesimulator macosx";
				SWIFT_EMIT_LOC_STRINGS = NO;
				SWIFT_VERSION = 5.0;
				TARGETED_DEVICE_FAMILY = "1,2";
				TEST_TARGET_NAME = HelloWorld_TodoList;
			};
			name = Release;
		};
/* End XCBuildConfiguration section */

/* Begin XCConfigurationList section */
		0DA9447B2E7EFFE500D06A03 /* Build configuration list for PBXProject "HelloWorld_TodoList" */ = {
			isa = XCConfigurationList;
			buildConfigurations = (
				0DA944A32E7EFFE700D06A03 /* Debug */,
				0DA944A42E7EFFE700D06A03 /* Release */,
			);
			defaultConfigurationIsVisible = 0;
			defaultConfigurationName = Release;
		};
		0DA944A52E7EFFE700D06A03 /* Build configuration list for PBXNativeTarget "HelloWorld_TodoList" */ = {
			isa = XCConfigurationList;
			buildConfigurations = (
				0DA944A62E7EFFE700D06A03 /* Debug */,
				0DA944A72E7EFFE700D06A03 /* Release */,
			);
			defaultConfigurationIsVisible = 0;
			defaultConfigurationName = Release;
		};
		0DA944A82E7EFFE700D06A03 /* Build configuration list for PBXNativeTarget "HelloWorld_TodoListTests" */ = {
			isa = XCConfigurationList;
			buildConfigurations = (
				0DA944A92E7EFFE700D06A03 /* Debug */,
				0DA944AA2E7EFFE700D06A03 /* Release */,
			);
			defaultConfigurationIsVisible = 0;
			defaultConfigurationName = Release;
		};
		0DA944AB2E7EFFE700D06A03 /* Build configuration list for PBXNativeTarget "HelloWorld_TodoListUITests" */ = {
			isa = XCConfigurationList;
			buildConfigurations = (
				0DA944AC2E7EFFE700D06A03 /* Debug */,
				0DA944AD2E7EFFE700D06A03 /* Release */,
			);
			defaultConfigurationIsVisible = 0;
			defaultConfigurationName = Release;
		};
/* End XCConfigurationList section */

/* Begin XCRemoteSwiftPackageReference section */
		9C4013962E7F892B004A4D0E /* XCRemoteSwiftPackageReference "firebase-ios-sdk" */ = {
			isa = XCRemoteSwiftPackageReference;
			repositoryURL = "https://github.com/firebase/firebase-ios-sdk";
			requirement = {
				kind = upToNextMajorVersion;
				minimumVersion = 12.3.0;
			};
		};
/* End XCRemoteSwiftPackageReference section */

/* Begin XCSwiftPackageProductDependency section */
		9C4013972E7F894C004A4D0E /* FirebaseAI */ = {
			isa = XCSwiftPackageProductDependency;
			package = 9C4013962E7F892B004A4D0E /* XCRemoteSwiftPackageReference "firebase-ios-sdk" */;
			productName = FirebaseAI;
		};
		9C4013992E7F894C004A4D0E /* FirebaseAnalytics */ = {
			isa = XCSwiftPackageProductDependency;
			package = 9C4013962E7F892B004A4D0E /* XCRemoteSwiftPackageReference "firebase-ios-sdk" */;
			productName = FirebaseAnalytics;
		};
		9C40139B2E7F894C004A4D0E /* FirebaseAnalyticsCore */ = {
			isa = XCSwiftPackageProductDependency;
			package = 9C4013962E7F892B004A4D0E /* XCRemoteSwiftPackageReference "firebase-ios-sdk" */;
			productName = FirebaseAnalyticsCore;
		};
		9C40139D2E7F894C004A4D0E /* FirebaseAnalyticsIdentitySupport */ = {
			isa = XCSwiftPackageProductDependency;
			package = 9C4013962E7F892B004A4D0E /* XCRemoteSwiftPackageReference "firebase-ios-sdk" */;
			productName = FirebaseAnalyticsIdentitySupport;
		};
		9C4013A12E7F894C004A4D0E /* FirebaseAppDistribution-Beta */ = {
			isa = XCSwiftPackageProductDependency;
			package = 9C4013962E7F892B004A4D0E /* XCRemoteSwiftPackageReference "firebase-ios-sdk" */;
			productName = "FirebaseAppDistribution-Beta";
		};
		9C4013A32E7F894C004A4D0E /* FirebaseAuth */ = {
			isa = XCSwiftPackageProductDependency;
			package = 9C4013962E7F892B004A4D0E /* XCRemoteSwiftPackageReference "firebase-ios-sdk" */;
			productName = FirebaseAuth;
		};
		9C4013A52E7F894C004A4D0E /* FirebaseAuthCombine-Community */ = {
			isa = XCSwiftPackageProductDependency;
			package = 9C4013962E7F892B004A4D0E /* XCRemoteSwiftPackageReference "firebase-ios-sdk" */;
			productName = "FirebaseAuthCombine-Community";
		};
		9C4013A72E7F894C004A4D0E /* FirebaseCore */ = {
			isa = XCSwiftPackageProductDependency;
			package = 9C4013962E7F892B004A4D0E /* XCRemoteSwiftPackageReference "firebase-ios-sdk" */;
			productName = FirebaseCore;
		};
		9C4013A92E7F894C004A4D0E /* FirebaseCrashlytics */ = {
			isa = XCSwiftPackageProductDependency;
			package = 9C4013962E7F892B004A4D0E /* XCRemoteSwiftPackageReference "firebase-ios-sdk" */;
			productName = FirebaseCrashlytics;
		};
		9C4013AB2E7F894C004A4D0E /* FirebaseDatabase */ = {
			isa = XCSwiftPackageProductDependency;
			package = 9C4013962E7F892B004A4D0E /* XCRemoteSwiftPackageReference "firebase-ios-sdk" */;
			productName = FirebaseDatabase;
		};
		9C4013AD2E7F894C004A4D0E /* FirebaseFirestore */ = {
			isa = XCSwiftPackageProductDependency;
			package = 9C4013962E7F892B004A4D0E /* XCRemoteSwiftPackageReference "firebase-ios-sdk" */;
			productName = FirebaseFirestore;
		};
		9C4013AF2E7F894C004A4D0E /* FirebaseFirestoreCombine-Community */ = {
			isa = XCSwiftPackageProductDependency;
			package = 9C4013962E7F892B004A4D0E /* XCRemoteSwiftPackageReference "firebase-ios-sdk" */;
			productName = "FirebaseFirestoreCombine-Community";
		};
		9C4013B12E7F894C004A4D0E /* FirebaseFunctions */ = {
			isa = XCSwiftPackageProductDependency;
			package = 9C4013962E7F892B004A4D0E /* XCRemoteSwiftPackageReference "firebase-ios-sdk" */;
			productName = FirebaseFunctions;
		};
		9C4013B32E7F894C004A4D0E /* FirebaseFunctionsCombine-Community */ = {
			isa = XCSwiftPackageProductDependency;
			package = 9C4013962E7F892B004A4D0E /* XCRemoteSwiftPackageReference "firebase-ios-sdk" */;
			productName = "FirebaseFunctionsCombine-Community";
		};
		9C4013B52E7F894C004A4D0E /* FirebaseInAppMessaging-Beta */ = {
			isa = XCSwiftPackageProductDependency;
			package = 9C4013962E7F892B004A4D0E /* XCRemoteSwiftPackageReference "firebase-ios-sdk" */;
			productName = "FirebaseInAppMessaging-Beta";
		};
		9C4013B72E7F894C004A4D0E /* FirebaseInstallations */ = {
			isa = XCSwiftPackageProductDependency;
			package = 9C4013962E7F892B004A4D0E /* XCRemoteSwiftPackageReference "firebase-ios-sdk" */;
			productName = FirebaseInstallations;
		};
		9C4013B92E7F894C004A4D0E /* FirebaseMessaging */ = {
			isa = XCSwiftPackageProductDependency;
			package = 9C4013962E7F892B004A4D0E /* XCRemoteSwiftPackageReference "firebase-ios-sdk" */;
			productName = FirebaseMessaging;
		};
		9C4013BB2E7F894C004A4D0E /* FirebaseMLModelDownloader */ = {
			isa = XCSwiftPackageProductDependency;
			package = 9C4013962E7F892B004A4D0E /* XCRemoteSwiftPackageReference "firebase-ios-sdk" */;
			productName = FirebaseMLModelDownloader;
		};
		9C4013BD2E7F894C004A4D0E /* FirebasePerformance */ = {
			isa = XCSwiftPackageProductDependency;
			package = 9C4013962E7F892B004A4D0E /* XCRemoteSwiftPackageReference "firebase-ios-sdk" */;
			productName = FirebasePerformance;
		};
		9C4013BF2E7F894C004A4D0E /* FirebaseRemoteConfig */ = {
			isa = XCSwiftPackageProductDependency;
			package = 9C4013962E7F892B004A4D0E /* XCRemoteSwiftPackageReference "firebase-ios-sdk" */;
			productName = FirebaseRemoteConfig;
		};
		9C4013C12E7F894C004A4D0E /* FirebaseStorage */ = {
			isa = XCSwiftPackageProductDependency;
			package = 9C4013962E7F892B004A4D0E /* XCRemoteSwiftPackageReference "firebase-ios-sdk" */;
			productName = FirebaseStorage;
		};
		9C4013C32E7F894C004A4D0E /* FirebaseStorageCombine-Community */ = {
			isa = XCSwiftPackageProductDependency;
			package = 9C4013962E7F892B004A4D0E /* XCRemoteSwiftPackageReference "firebase-ios-sdk" */;
			productName = "FirebaseStorageCombine-Community";
		};
/* End XCSwiftPackageProductDependency section */
	};
	rootObject = 0DA944782E7EFFE500D06A03 /* Project object */;
}
